// !$*UTF8*$!
{
	archiveVersion = 1;
	classes = {
	};
	objectVersion = 70;
	objects = {

/* Begin PBXBuildFile section */
		63135D8B2CA6643F004137AF /* FirebaseAppCheck in Frameworks */ = {isa = PBXBuildFile; productRef = 63135D8A2CA6643F004137AF /* FirebaseAppCheck */; };
		6375622C2CCE50B100137B27 /* FirebaseMessaging in Frameworks */ = {isa = PBXBuildFile; productRef = 6375622B2CCE50B100137B27 /* FirebaseMessaging */; };
		637B97272CB8FBC100EFB09F /* RealmSwift in Frameworks */ = {isa = PBXBuildFile; productRef = 637B97262CB8FBC100EFB09F /* RealmSwift */; };
		637B97282CB9024400EFB09F /* RealmSwift in Embed Frameworks */ = {isa = PBXBuildFile; productRef = 637B97262CB8FBC100EFB09F /* RealmSwift */; settings = {ATTRIBUTES = (CodeSignOnCopy, ); }; };
		63BEA49D2CD2211A006382AF /* JWTKit in Frameworks */ = {isa = PBXBuildFile; productRef = 63BEA49C2CD2211A006382AF /* JWTKit */; };
		63DFF87D2BF5930300A6DFB8 /* FirebaseAnalytics in Frameworks */ = {isa = PBXBuildFile; productRef = 63DFF87C2BF5930300A6DFB8 /* FirebaseAnalytics */; };
		63DFF8972BFC99ED00A6DFB8 /* Kingfisher in Frameworks */ = {isa = PBXBuildFile; productRef = 63DFF8962BFC99ED00A6DFB8 /* Kingfisher */; };
		63E4CC8A2BED30EA009E0C9B /* FirebaseAuth in Frameworks */ = {isa = PBXBuildFile; productRef = 63E4CC892BED30EA009E0C9B /* FirebaseAuth */; };
		63E4CC8C2BED30EA009E0C9B /* FirebaseFirestore in Frameworks */ = {isa = PBXBuildFile; productRef = 63E4CC8B2BED30EA009E0C9B /* FirebaseFirestore */; };
		63E4CC8E2BED30EA009E0C9B /* FirebaseFirestoreSwift in Frameworks */ = {isa = PBXBuildFile; productRef = 63E4CC8D2BED30EA009E0C9B /* FirebaseFirestoreSwift */; };
		63E4CC902BED30EA009E0C9B /* FirebaseStorage in Frameworks */ = {isa = PBXBuildFile; productRef = 63E4CC8F2BED30EA009E0C9B /* FirebaseStorage */; };
		F273EA052CD7D7F90072121E /* OpenGraph in Frameworks */ = {isa = PBXBuildFile; productRef = F273EA042CD7D7F90072121E /* OpenGraph */; };
/* End PBXBuildFile section */

/* Begin PBXCopyFilesBuildPhase section */
		637B97292CB9024400EFB09F /* Embed Frameworks */ = {
			isa = PBXCopyFilesBuildPhase;
			buildActionMask = 2147483647;
			dstPath = "";
			dstSubfolderSpec = 10;
			files = (
				637B97282CB9024400EFB09F /* RealmSwift in Embed Frameworks */,
			);
			name = "Embed Frameworks";
			runOnlyForDeploymentPostprocessing = 0;
		};
/* End PBXCopyFilesBuildPhase section */

/* Begin PBXFileReference section */
		63B64FD42B8C763900289469 /* NearU.app */ = {isa = PBXFileReference; explicitFileType = wrapper.application; includeInIndex = 0; path = NearU.app; sourceTree = BUILT_PRODUCTS_DIR; };
/* End PBXFileReference section */

/* Begin PBXFileSystemSynchronizedBuildFileExceptionSet section */
		6318153D2E5C64F8003E2FB0 /* PBXFileSystemSynchronizedBuildFileExceptionSet */ = {
			isa = PBXFileSystemSynchronizedBuildFileExceptionSet;
			membershipExceptions = (
				Info.plist,
			);
			target = 63B64FD32B8C763900289469 /* NearU */;
		};
/* End PBXFileSystemSynchronizedBuildFileExceptionSet section */

/* Begin PBXFileSystemSynchronizedRootGroup section */
		631814B02E5C64F8003E2FB0 /* NearU */ = {isa = PBXFileSystemSynchronizedRootGroup; exceptions = (6318153D2E5C64F8003E2FB0 /* PBXFileSystemSynchronizedBuildFileExceptionSet */, ); explicitFileTypes = {}; explicitFolders = (); path = NearU; sourceTree = "<group>"; };
/* End PBXFileSystemSynchronizedRootGroup section */

/* Begin PBXFrameworksBuildPhase section */
		63B64FD12B8C763900289469 /* Frameworks */ = {
			isa = PBXFrameworksBuildPhase;
			buildActionMask = 2147483647;
			files = (
				F273EA052CD7D7F90072121E /* OpenGraph in Frameworks */,
				6375622C2CCE50B100137B27 /* FirebaseMessaging in Frameworks */,
				637B97272CB8FBC100EFB09F /* RealmSwift in Frameworks */,
				63DFF8972BFC99ED00A6DFB8 /* Kingfisher in Frameworks */,
				63E4CC8A2BED30EA009E0C9B /* FirebaseAuth in Frameworks */,
				63E4CC902BED30EA009E0C9B /* FirebaseStorage in Frameworks */,
				63BEA49D2CD2211A006382AF /* JWTKit in Frameworks */,
				63E4CC8C2BED30EA009E0C9B /* FirebaseFirestore in Frameworks */,
				63135D8B2CA6643F004137AF /* FirebaseAppCheck in Frameworks */,
				63DFF87D2BF5930300A6DFB8 /* FirebaseAnalytics in Frameworks */,
				63E4CC8E2BED30EA009E0C9B /* FirebaseFirestoreSwift in Frameworks */,
			);
			runOnlyForDeploymentPostprocessing = 0;
		};
/* End PBXFrameworksBuildPhase section */

/* Begin PBXGroup section */
		63B64FCB2B8C763900289469 = {
			isa = PBXGroup;
			children = (
				631814B02E5C64F8003E2FB0 /* NearU */,
				63B64FD52B8C763900289469 /* Products */,
			);
			sourceTree = "<group>";
		};
		63B64FD52B8C763900289469 /* Products */ = {
			isa = PBXGroup;
			children = (
				63B64FD42B8C763900289469 /* NearU.app */,
			);
			name = Products;
			sourceTree = "<group>";
		};
/* End PBXGroup section */

/* Begin PBXNativeTarget section */
		63B64FD32B8C763900289469 /* NearU */ = {
			isa = PBXNativeTarget;
			buildConfigurationList = 63B64FE22B8C763A00289469 /* Build configuration list for PBXNativeTarget "NearU" */;
			buildPhases = (
				63B64FD02B8C763900289469 /* Sources */,
				63B64FD12B8C763900289469 /* Frameworks */,
				63B64FD22B8C763900289469 /* Resources */,
				637B97292CB9024400EFB09F /* Embed Frameworks */,
			);
			buildRules = (
			);
			dependencies = (
			);
			fileSystemSynchronizedGroups = (
				631814B02E5C64F8003E2FB0 /* NearU */,
			);
			name = NearU;
			packageProductDependencies = (
				63E4CC892BED30EA009E0C9B /* FirebaseAuth */,
				63E4CC8B2BED30EA009E0C9B /* FirebaseFirestore */,
				63E4CC8D2BED30EA009E0C9B /* FirebaseFirestoreSwift */,
				63E4CC8F2BED30EA009E0C9B /* FirebaseStorage */,
				63DFF87C2BF5930300A6DFB8 /* FirebaseAnalytics */,
				63DFF8962BFC99ED00A6DFB8 /* Kingfisher */,
				63135D8A2CA6643F004137AF /* FirebaseAppCheck */,
				637B97262CB8FBC100EFB09F /* RealmSwift */,
				6375622B2CCE50B100137B27 /* FirebaseMessaging */,
				63BEA49C2CD2211A006382AF /* JWTKit */,
				F273EA042CD7D7F90072121E /* OpenGraph */,
			);
			productName = NearU;
			productReference = 63B64FD42B8C763900289469 /* NearU.app */;
			productType = "com.apple.product-type.application";
		};
/* End PBXNativeTarget section */

/* Begin PBXProject section */
		63B64FCC2B8C763900289469 /* Project object */ = {
			isa = PBXProject;
			attributes = {
				BuildIndependentTargetsInParallel = 1;
				LastSwiftUpdateCheck = 1520;
				LastUpgradeCheck = 1520;
				TargetAttributes = {
					63B64FD32B8C763900289469 = {
						CreatedOnToolsVersion = 15.2;
					};
				};
			};
			buildConfigurationList = 63B64FCF2B8C763900289469 /* Build configuration list for PBXProject "NearU" */;
			compatibilityVersion = "Xcode 14.0";
			developmentRegion = en;
			hasScannedForEncodings = 0;
			knownRegions = (
				en,
				Base,
			);
			mainGroup = 63B64FCB2B8C763900289469;
			packageReferences = (
				63E4CC882BED30EA009E0C9B /* XCRemoteSwiftPackageReference "firebase-ios-sdk" */,
				63DFF8952BFC99ED00A6DFB8 /* XCRemoteSwiftPackageReference "Kingfisher" */,
				637B97252CB8FBC100EFB09F /* XCRemoteSwiftPackageReference "realm-swift" */,
				63BEA49B2CD2211A006382AF /* XCRemoteSwiftPackageReference "jwt-kit" */,
				F273EA032CD7D7F90072121E /* XCRemoteSwiftPackageReference "OpenGraph" */,
			);
			productRefGroup = 63B64FD52B8C763900289469 /* Products */;
			projectDirPath = "";
			projectRoot = "";
			targets = (
				63B64FD32B8C763900289469 /* NearU */,
			);
		};
/* End PBXProject section */

/* Begin PBXResourcesBuildPhase section */
		63B64FD22B8C763900289469 /* Resources */ = {
			isa = PBXResourcesBuildPhase;
			buildActionMask = 2147483647;
			files = (
			);
			runOnlyForDeploymentPostprocessing = 0;
		};
/* End PBXResourcesBuildPhase section */

/* Begin PBXSourcesBuildPhase section */
		63B64FD02B8C763900289469 /* Sources */ = {
			isa = PBXSourcesBuildPhase;
			buildActionMask = 2147483647;
			files = (
			);
			runOnlyForDeploymentPostprocessing = 0;
		};
/* End PBXSourcesBuildPhase section */

/* Begin XCBuildConfiguration section */
		63B64FE02B8C763A00289469 /* Debug */ = {
			isa = XCBuildConfiguration;
			buildSettings = {
				ALWAYS_SEARCH_USER_PATHS = NO;
				ASSETCATALOG_COMPILER_GENERATE_SWIFT_ASSET_SYMBOL_EXTENSIONS = YES;
				CLANG_ANALYZER_NONNULL = YES;
				CLANG_ANALYZER_NUMBER_OBJECT_CONVERSION = YES_AGGRESSIVE;
				CLANG_CXX_LANGUAGE_STANDARD = "gnu++20";
				CLANG_ENABLE_MODULES = YES;
				CLANG_ENABLE_OBJC_ARC = YES;
				CLANG_ENABLE_OBJC_WEAK = YES;
				CLANG_WARN_BLOCK_CAPTURE_AUTORELEASING = YES;
				CLANG_WARN_BOOL_CONVERSION = YES;
				CLANG_WARN_COMMA = YES;
				CLANG_WARN_CONSTANT_CONVERSION = YES;
				CLANG_WARN_DEPRECATED_OBJC_IMPLEMENTATIONS = YES;
				CLANG_WARN_DIRECT_OBJC_ISA_USAGE = YES_ERROR;
				CLANG_WARN_DOCUMENTATION_COMMENTS = YES;
				CLANG_WARN_EMPTY_BODY = YES;
				CLANG_WARN_ENUM_CONVERSION = YES;
				CLANG_WARN_INFINITE_RECURSION = YES;
				CLANG_WARN_INT_CONVERSION = YES;
				CLANG_WARN_NON_LITERAL_NULL_CONVERSION = YES;
				CLANG_WARN_OBJC_IMPLICIT_RETAIN_SELF = YES;
				CLANG_WARN_OBJC_LITERAL_CONVERSION = YES;
				CLANG_WARN_OBJC_ROOT_CLASS = YES_ERROR;
				CLANG_WARN_QUOTED_INCLUDE_IN_FRAMEWORK_HEADER = YES;
				CLANG_WARN_RANGE_LOOP_ANALYSIS = YES;
				CLANG_WARN_STRICT_PROTOTYPES = YES;
				CLANG_WARN_SUSPICIOUS_MOVE = YES;
				CLANG_WARN_UNGUARDED_AVAILABILITY = YES_AGGRESSIVE;
				CLANG_WARN_UNREACHABLE_CODE = YES;
				CLANG_WARN__DUPLICATE_METHOD_MATCH = YES;
				COPY_PHASE_STRIP = NO;
				DEBUG_INFORMATION_FORMAT = dwarf;
				ENABLE_STRICT_OBJC_MSGSEND = YES;
				ENABLE_TESTABILITY = YES;
				ENABLE_USER_SCRIPT_SANDBOXING = YES;
				GCC_C_LANGUAGE_STANDARD = gnu17;
				GCC_DYNAMIC_NO_PIC = NO;
				GCC_NO_COMMON_BLOCKS = YES;
				GCC_OPTIMIZATION_LEVEL = 0;
				GCC_PREPROCESSOR_DEFINITIONS = (
					"DEBUG=1",
					"$(inherited)",
				);
				GCC_WARN_64_TO_32_BIT_CONVERSION = YES;
				GCC_WARN_ABOUT_RETURN_TYPE = YES_ERROR;
				GCC_WARN_UNDECLARED_SELECTOR = YES;
				GCC_WARN_UNINITIALIZED_AUTOS = YES_AGGRESSIVE;
				GCC_WARN_UNUSED_FUNCTION = YES;
				GCC_WARN_UNUSED_VARIABLE = YES;
				IPHONEOS_DEPLOYMENT_TARGET = 17.2;
				LOCALIZATION_PREFERS_STRING_CATALOGS = YES;
				MTL_ENABLE_DEBUG_INFO = INCLUDE_SOURCE;
				MTL_FAST_MATH = YES;
				ONLY_ACTIVE_ARCH = YES;
				SDKROOT = iphoneos;
				SWIFT_ACTIVE_COMPILATION_CONDITIONS = "DEBUG $(inherited)";
				SWIFT_OPTIMIZATION_LEVEL = "-Onone";
			};
			name = Debug;
		};
		63B64FE12B8C763A00289469 /* Release */ = {
			isa = XCBuildConfiguration;
			buildSettings = {
				ALWAYS_SEARCH_USER_PATHS = NO;
				ASSETCATALOG_COMPILER_GENERATE_SWIFT_ASSET_SYMBOL_EXTENSIONS = YES;
				CLANG_ANALYZER_NONNULL = YES;
				CLANG_ANALYZER_NUMBER_OBJECT_CONVERSION = YES_AGGRESSIVE;
				CLANG_CXX_LANGUAGE_STANDARD = "gnu++20";
				CLANG_ENABLE_MODULES = YES;
				CLANG_ENABLE_OBJC_ARC = YES;
				CLANG_ENABLE_OBJC_WEAK = YES;
				CLANG_WARN_BLOCK_CAPTURE_AUTORELEASING = YES;
				CLANG_WARN_BOOL_CONVERSION = YES;
				CLANG_WARN_COMMA = YES;
				CLANG_WARN_CONSTANT_CONVERSION = YES;
				CLANG_WARN_DEPRECATED_OBJC_IMPLEMENTATIONS = YES;
				CLANG_WARN_DIRECT_OBJC_ISA_USAGE = YES_ERROR;
				CLANG_WARN_DOCUMENTATION_COMMENTS = YES;
				CLANG_WARN_EMPTY_BODY = YES;
				CLANG_WARN_ENUM_CONVERSION = YES;
				CLANG_WARN_INFINITE_RECURSION = YES;
				CLANG_WARN_INT_CONVERSION = YES;
				CLANG_WARN_NON_LITERAL_NULL_CONVERSION = YES;
				CLANG_WARN_OBJC_IMPLICIT_RETAIN_SELF = YES;
				CLANG_WARN_OBJC_LITERAL_CONVERSION = YES;
				CLANG_WARN_OBJC_ROOT_CLASS = YES_ERROR;
				CLANG_WARN_QUOTED_INCLUDE_IN_FRAMEWORK_HEADER = YES;
				CLANG_WARN_RANGE_LOOP_ANALYSIS = YES;
				CLANG_WARN_STRICT_PROTOTYPES = YES;
				CLANG_WARN_SUSPICIOUS_MOVE = YES;
				CLANG_WARN_UNGUARDED_AVAILABILITY = YES_AGGRESSIVE;
				CLANG_WARN_UNREACHABLE_CODE = YES;
				CLANG_WARN__DUPLICATE_METHOD_MATCH = YES;
				COPY_PHASE_STRIP = NO;
				DEBUG_INFORMATION_FORMAT = "dwarf-with-dsym";
				ENABLE_NS_ASSERTIONS = NO;
				ENABLE_STRICT_OBJC_MSGSEND = YES;
				ENABLE_USER_SCRIPT_SANDBOXING = YES;
				GCC_C_LANGUAGE_STANDARD = gnu17;
				GCC_NO_COMMON_BLOCKS = YES;
				GCC_WARN_64_TO_32_BIT_CONVERSION = YES;
				GCC_WARN_ABOUT_RETURN_TYPE = YES_ERROR;
				GCC_WARN_UNDECLARED_SELECTOR = YES;
				GCC_WARN_UNINITIALIZED_AUTOS = YES_AGGRESSIVE;
				GCC_WARN_UNUSED_FUNCTION = YES;
				GCC_WARN_UNUSED_VARIABLE = YES;
				IPHONEOS_DEPLOYMENT_TARGET = 17.2;
				LOCALIZATION_PREFERS_STRING_CATALOGS = YES;
				MTL_ENABLE_DEBUG_INFO = NO;
				MTL_FAST_MATH = YES;
				SDKROOT = iphoneos;
				SWIFT_COMPILATION_MODE = wholemodule;
				VALIDATE_PRODUCT = YES;
			};
			name = Release;
		};
		63B64FE32B8C763A00289469 /* Debug */ = {
			isa = XCBuildConfiguration;
			buildSettings = {
				ASSETCATALOG_COMPILER_APPICON_NAME = AppIcon;
				ASSETCATALOG_COMPILER_GLOBAL_ACCENT_COLOR_NAME = AccentColor;
				CODE_SIGN_ENTITLEMENTS = NearU/NearU.entitlements;
				"CODE_SIGN_IDENTITY[sdk=iphoneos*]" = "iPhone Developer";
				CODE_SIGN_STYLE = Manual;
				CURRENT_PROJECT_VERSION = 1;
				DEVELOPMENT_ASSET_PATHS = "\"NearU/Preview Content\"";
				DEVELOPMENT_TEAM = "";
				"DEVELOPMENT_TEAM[sdk=iphoneos*]" = NQD3LAN9FK;
				ENABLE_PREVIEWS = YES;
				GENERATE_INFOPLIST_FILE = YES;
				INFOPLIST_FILE = NearU/Info.plist;
				INFOPLIST_KEY_CFBundleDisplayName = Chonnect;
				INFOPLIST_KEY_NSBluetoothAlwaysUsageDescription = "このアプリはBLE通信を使用します。";
				INFOPLIST_KEY_NSPhotoLibraryUsageDescription = "アイコンにフォルダ内の写真を使用します";
				INFOPLIST_KEY_UIApplicationSceneManifest_Generation = YES;
				INFOPLIST_KEY_UIApplicationSupportsIndirectInputEvents = YES;
				INFOPLIST_KEY_UILaunchScreen_Generation = YES;
				INFOPLIST_KEY_UISupportedInterfaceOrientations_iPad = "UIInterfaceOrientationPortrait UIInterfaceOrientationPortraitUpsideDown UIInterfaceOrientationLandscapeLeft UIInterfaceOrientationLandscapeRight";
				INFOPLIST_KEY_UISupportedInterfaceOrientations_iPhone = UIInterfaceOrientationPortrait;
				INFOPLIST_KEY_UIUserInterfaceStyle = Light;
				IPHONEOS_DEPLOYMENT_TARGET = 17.0;
				LD_RUNPATH_SEARCH_PATHS = (
					"$(inherited)",
					"@executable_path/Frameworks",
				);
				MARKETING_VERSION = 1.0;
				PRODUCT_BUNDLE_IDENTIFIER = com.wataru.NearU;
				PRODUCT_NAME = "$(TARGET_NAME)";
				PROVISIONING_PROFILE_SPECIFIER = "";
				"PROVISIONING_PROFILE_SPECIFIER[sdk=iphoneos*]" = Chonnect;
				SWIFT_EMIT_LOC_STRINGS = YES;
				SWIFT_VERSION = 5.0;
				TARGETED_DEVICE_FAMILY = "1,2";
			};
			name = Debug;
		};
		63B64FE42B8C763A00289469 /* Release */ = {
			isa = XCBuildConfiguration;
			buildSettings = {
				ASSETCATALOG_COMPILER_APPICON_NAME = AppIcon;
				ASSETCATALOG_COMPILER_GLOBAL_ACCENT_COLOR_NAME = AccentColor;
				CODE_SIGN_ENTITLEMENTS = NearU/NearU.entitlements;
				CODE_SIGN_IDENTITY = "Apple Development";
				"CODE_SIGN_IDENTITY[sdk=iphoneos*]" = "iPhone Developer";
				CODE_SIGN_STYLE = Manual;
				CURRENT_PROJECT_VERSION = 1;
				DEVELOPMENT_ASSET_PATHS = "\"NearU/Preview Content\"";
				DEVELOPMENT_TEAM = "";
				"DEVELOPMENT_TEAM[sdk=iphoneos*]" = NQD3LAN9FK;
				ENABLE_PREVIEWS = YES;
				GENERATE_INFOPLIST_FILE = YES;
				INFOPLIST_FILE = NearU/Info.plist;
				INFOPLIST_KEY_CFBundleDisplayName = Chonnect;
				INFOPLIST_KEY_NSBluetoothAlwaysUsageDescription = "このアプリはBLE通信を使用します。";
				INFOPLIST_KEY_NSPhotoLibraryUsageDescription = "アイコンにフォルダ内の写真を使用します";
				INFOPLIST_KEY_UIApplicationSceneManifest_Generation = YES;
				INFOPLIST_KEY_UIApplicationSupportsIndirectInputEvents = YES;
				INFOPLIST_KEY_UILaunchScreen_Generation = YES;
				INFOPLIST_KEY_UISupportedInterfaceOrientations_iPad = "UIInterfaceOrientationPortrait UIInterfaceOrientationPortraitUpsideDown UIInterfaceOrientationLandscapeLeft UIInterfaceOrientationLandscapeRight";
				INFOPLIST_KEY_UISupportedInterfaceOrientations_iPhone = UIInterfaceOrientationPortrait;
				INFOPLIST_KEY_UIUserInterfaceStyle = Light;
				IPHONEOS_DEPLOYMENT_TARGET = 17.0;
				LD_RUNPATH_SEARCH_PATHS = (
					"$(inherited)",
					"@executable_path/Frameworks",
				);
				MARKETING_VERSION = 1.0;
				PRODUCT_BUNDLE_IDENTIFIER = com.wataru.NearU;
				PRODUCT_NAME = "$(TARGET_NAME)";
				PROVISIONING_PROFILE_SPECIFIER = "";
				"PROVISIONING_PROFILE_SPECIFIER[sdk=iphoneos*]" = Chonnect;
				SWIFT_EMIT_LOC_STRINGS = YES;
				SWIFT_VERSION = 5.0;
				TARGETED_DEVICE_FAMILY = "1,2";
			};
			name = Release;
		};
/* End XCBuildConfiguration section */

/* Begin XCConfigurationList section */
		63B64FCF2B8C763900289469 /* Build configuration list for PBXProject "NearU" */ = {
			isa = XCConfigurationList;
			buildConfigurations = (
				63B64FE02B8C763A00289469 /* Debug */,
				63B64FE12B8C763A00289469 /* Release */,
			);
			defaultConfigurationIsVisible = 0;
			defaultConfigurationName = Release;
		};
		63B64FE22B8C763A00289469 /* Build configuration list for PBXNativeTarget "NearU" */ = {
			isa = XCConfigurationList;
			buildConfigurations = (
				63B64FE32B8C763A00289469 /* Debug */,
				63B64FE42B8C763A00289469 /* Release */,
			);
			defaultConfigurationIsVisible = 0;
			defaultConfigurationName = Release;
		};
/* End XCConfigurationList section */

/* Begin XCRemoteSwiftPackageReference section */
		637B97252CB8FBC100EFB09F /* XCRemoteSwiftPackageReference "realm-swift" */ = {
			isa = XCRemoteSwiftPackageReference;
			repositoryURL = "https://github.com/realm/realm-swift";
			requirement = {
				branch = master;
				kind = branch;
			};
		};
		63BEA49B2CD2211A006382AF /* XCRemoteSwiftPackageReference "jwt-kit" */ = {
			isa = XCRemoteSwiftPackageReference;
			repositoryURL = "https://github.com/vapor/jwt-kit.git";
			requirement = {
				kind = upToNextMajorVersion;
				minimumVersion = 4.0.0;
			};
		};
		63DFF8952BFC99ED00A6DFB8 /* XCRemoteSwiftPackageReference "Kingfisher" */ = {
			isa = XCRemoteSwiftPackageReference;
			repositoryURL = "https://github.com/onevcat/Kingfisher.git";
			requirement = {
				kind = upToNextMajorVersion;
				minimumVersion = 7.11.0;
			};
		};
		63E4CC882BED30EA009E0C9B /* XCRemoteSwiftPackageReference "firebase-ios-sdk" */ = {
			isa = XCRemoteSwiftPackageReference;
			repositoryURL = "https://github.com/firebase/firebase-ios-sdk";
			requirement = {
				kind = upToNextMajorVersion;
				minimumVersion = 10.25.0;
			};
		};
		F273EA032CD7D7F90072121E /* XCRemoteSwiftPackageReference "OpenGraph" */ = {
			isa = XCRemoteSwiftPackageReference;
			repositoryURL = "https://github.com/satoshi-takano/OpenGraph";
			requirement = {
				kind = upToNextMajorVersion;
				minimumVersion = 1.6.0;
			};
		};
/* End XCRemoteSwiftPackageReference section */

/* Begin XCSwiftPackageProductDependency section */
		63135D8A2CA6643F004137AF /* FirebaseAppCheck */ = {
			isa = XCSwiftPackageProductDependency;
			package = 63E4CC882BED30EA009E0C9B /* XCRemoteSwiftPackageReference "firebase-ios-sdk" */;
			productName = FirebaseAppCheck;
		};
		6375622B2CCE50B100137B27 /* FirebaseMessaging */ = {
			isa = XCSwiftPackageProductDependency;
			package = 63E4CC882BED30EA009E0C9B /* XCRemoteSwiftPackageReference "firebase-ios-sdk" */;
			productName = FirebaseMessaging;
		};
		637B97262CB8FBC100EFB09F /* RealmSwift */ = {
			isa = XCSwiftPackageProductDependency;
			package = 637B97252CB8FBC100EFB09F /* XCRemoteSwiftPackageReference "realm-swift" */;
			productName = RealmSwift;
		};
		63BEA49C2CD2211A006382AF /* JWTKit */ = {
			isa = XCSwiftPackageProductDependency;
			package = 63BEA49B2CD2211A006382AF /* XCRemoteSwiftPackageReference "jwt-kit" */;
			productName = JWTKit;
		};
		63DFF87C2BF5930300A6DFB8 /* FirebaseAnalytics */ = {
			isa = XCSwiftPackageProductDependency;
			package = 63E4CC882BED30EA009E0C9B /* XCRemoteSwiftPackageReference "firebase-ios-sdk" */;
			productName = FirebaseAnalytics;
		};
		63DFF8962BFC99ED00A6DFB8 /* Kingfisher */ = {
			isa = XCSwiftPackageProductDependency;
			package = 63DFF8952BFC99ED00A6DFB8 /* XCRemoteSwiftPackageReference "Kingfisher" */;
			productName = Kingfisher;
		};
		63E4CC892BED30EA009E0C9B /* FirebaseAuth */ = {
			isa = XCSwiftPackageProductDependency;
			package = 63E4CC882BED30EA009E0C9B /* XCRemoteSwiftPackageReference "firebase-ios-sdk" */;
			productName = FirebaseAuth;
		};
		63E4CC8B2BED30EA009E0C9B /* FirebaseFirestore */ = {
			isa = XCSwiftPackageProductDependency;
			package = 63E4CC882BED30EA009E0C9B /* XCRemoteSwiftPackageReference "firebase-ios-sdk" */;
			productName = FirebaseFirestore;
		};
		63E4CC8D2BED30EA009E0C9B /* FirebaseFirestoreSwift */ = {
			isa = XCSwiftPackageProductDependency;
			package = 63E4CC882BED30EA009E0C9B /* XCRemoteSwiftPackageReference "firebase-ios-sdk" */;
			productName = FirebaseFirestoreSwift;
		};
		63E4CC8F2BED30EA009E0C9B /* FirebaseStorage */ = {
			isa = XCSwiftPackageProductDependency;
			package = 63E4CC882BED30EA009E0C9B /* XCRemoteSwiftPackageReference "firebase-ios-sdk" */;
			productName = FirebaseStorage;
		};
		F273EA042CD7D7F90072121E /* OpenGraph */ = {
			isa = XCSwiftPackageProductDependency;
			package = F273EA032CD7D7F90072121E /* XCRemoteSwiftPackageReference "OpenGraph" */;
			productName = OpenGraph;
		};
/* End XCSwiftPackageProductDependency section */
	};
	rootObject = 63B64FCC2B8C763900289469 /* Project object */;
}
