// !$*UTF8*$!
{
	archiveVersion = 1;
	classes = {
	};
	objectVersion = 56;
	objects = {

/* Begin PBXBuildFile section */
		3207D11D2CDD232F00A6E637 /* EditArticleView.swift in Sources */ = {isa = PBXBuildFile; fileRef = 3207D11C2CDD232F00A6E637 /* EditArticleView.swift */; };
		32860C6A2CD32B4300D9BBD7 /* ArticleLinksViewModel.swift in Sources */ = {isa = PBXBuildFile; fileRef = 32860C692CD32B4300D9BBD7 /* ArticleLinksViewModel.swift */; };
		3292076D2CB3C3E60003EC78 /* SiteLinkButtonView.swift in Sources */ = {isa = PBXBuildFile; fileRef = 3292076C2CB3C3E50003EC78 /* SiteLinkButtonView.swift */; };
		630B9EA42CC344EA002F06AB /* TagsView.swift in Sources */ = {isa = PBXBuildFile; fileRef = 630B9EA32CC344E9002F06AB /* TagsView.swift */; };
		630B9EA62CC345B4002F06AB /* EditLanguageTagsView.swift in Sources */ = {isa = PBXBuildFile; fileRef = 630B9EA52CC345B4002F06AB /* EditLanguageTagsView.swift */; };
		63135D8B2CA6643F004137AF /* FirebaseAppCheck in Frameworks */ = {isa = PBXBuildFile; productRef = 63135D8A2CA6643F004137AF /* FirebaseAppCheck */; };
		63135D8E2CA90523004137AF /* BackgroundImageView.swift in Sources */ = {isa = PBXBuildFile; fileRef = 63135D8D2CA90523004137AF /* BackgroundImageView.swift */; };
		63135DA32CB7ABCC004137AF /* HistoryManager.swift in Sources */ = {isa = PBXBuildFile; fileRef = 63135DA22CB7ABCC004137AF /* HistoryManager.swift */; };
		631591BA2D361E8B00E16DE3 /* KalmanFilter.swift in Sources */ = {isa = PBXBuildFile; fileRef = 631591B92D361E8B00E16DE3 /* KalmanFilter.swift */; };
		631591CC2D44E14C00E16DE3 /* RealmService.swift in Sources */ = {isa = PBXBuildFile; fileRef = 631591CB2D44E14C00E16DE3 /* RealmService.swift */; };
		63173DF62C36BEC700F1FE82 /* UserDefaultsManager.swift in Sources */ = {isa = PBXBuildFile; fileRef = 63173DF52C36BEC700F1FE82 /* UserDefaultsManager.swift */; };
		63173DF82C37D77600F1FE82 /* EditSNSLinkView.swift in Sources */ = {isa = PBXBuildFile; fileRef = 63173DF72C37D77600F1FE82 /* EditSNSLinkView.swift */; };
		63226E1E2D69BCA5006EBCCF /* SupplementButtonViewModel.swift in Sources */ = {isa = PBXBuildFile; fileRef = 63226E1D2D69BCA5006EBCCF /* SupplementButtonViewModel.swift */; };
		63226E202D69BF28006EBCCF /* UserActions.swift in Sources */ = {isa = PBXBuildFile; fileRef = 63226E1F2D69BF28006EBCCF /* UserActions.swift */; };
		63226E222D6ABFD1006EBCCF /* BlockUserManager.swift in Sources */ = {isa = PBXBuildFile; fileRef = 63226E212D6ABFD1006EBCCF /* BlockUserManager.swift */; };
		63226E2A2D6DDD10006EBCCF /* UserIdentifiable.swift in Sources */ = {isa = PBXBuildFile; fileRef = 63226E292D6DDD10006EBCCF /* UserIdentifiable.swift */; };
		63226E2C2D6E3B1E006EBCCF /* BlockListView.swift in Sources */ = {isa = PBXBuildFile; fileRef = 63226E2B2D6E3B1E006EBCCF /* BlockListView.swift */; };
		63226E302D6F645B006EBCCF /* BlockListViewModel.swift in Sources */ = {isa = PBXBuildFile; fileRef = 63226E2F2D6F645B006EBCCF /* BlockListViewModel.swift */; };
		63226E322D71A2A5006EBCCF /* EditEmailView.swift in Sources */ = {isa = PBXBuildFile; fileRef = 63226E312D71A2A5006EBCCF /* EditEmailView.swift */; };
		6344BE322CD5F254009F404E /* ViewTransitionManager.swift in Sources */ = {isa = PBXBuildFile; fileRef = 6344BE312CD5F254009F404E /* ViewTransitionManager.swift */; };
		6344BE362CD708D5009F404E /* LoadingView.swift in Sources */ = {isa = PBXBuildFile; fileRef = 6344BE352CD708D5009F404E /* LoadingView.swift */; };
		6344BE382CD71678009F404E /* LoadingViewModel.swift in Sources */ = {isa = PBXBuildFile; fileRef = 6344BE372CD71678009F404E /* LoadingViewModel.swift */; };
		6344BE3A2CD758B0009F404E /* HistoryData.swift in Sources */ = {isa = PBXBuildFile; fileRef = 6344BE392CD758B0009F404E /* HistoryData.swift */; };
		6344BE3C2CD759CA009F404E /* HistoryDataStruct.swift in Sources */ = {isa = PBXBuildFile; fileRef = 6344BE3B2CD759CA009F404E /* HistoryDataStruct.swift */; };
		6344BE3E2CD75C42009F404E /* NotificationData.swift in Sources */ = {isa = PBXBuildFile; fileRef = 6344BE3D2CD75C42009F404E /* NotificationData.swift */; };
		6344BE422CDA81C3009F404E /* UserHistoryRecord.swift in Sources */ = {isa = PBXBuildFile; fileRef = 6344BE412CDA81C3009F404E /* UserHistoryRecord.swift */; };
		6344BE442CDBA93D009F404E /* BLERealtimeViewModel.swift in Sources */ = {isa = PBXBuildFile; fileRef = 6344BE432CDBA93D009F404E /* BLERealtimeViewModel.swift */; };
		6344BE462CDBA9A3009F404E /* UserRealtimeRecord.swift in Sources */ = {isa = PBXBuildFile; fileRef = 6344BE452CDBA9A3009F404E /* UserRealtimeRecord.swift */; };
		6344BE482CDBA9F8009F404E /* BLERealtimeView.swift in Sources */ = {isa = PBXBuildFile; fileRef = 6344BE472CDBA9F8009F404E /* BLERealtimeView.swift */; };
		6344BE4A2CDE065A009F404E /* OpenGraphData.swift in Sources */ = {isa = PBXBuildFile; fileRef = 6344BE492CDE065A009F404E /* OpenGraphData.swift */; };
		6375622C2CCE50B100137B27 /* FirebaseMessaging in Frameworks */ = {isa = PBXBuildFile; productRef = 6375622B2CCE50B100137B27 /* FirebaseMessaging */; };
		637B97272CB8FBC100EFB09F /* RealmSwift in Frameworks */ = {isa = PBXBuildFile; productRef = 637B97262CB8FBC100EFB09F /* RealmSwift */; };
		637B97282CB9024400EFB09F /* RealmSwift in Embed Frameworks */ = {isa = PBXBuildFile; productRef = 637B97262CB8FBC100EFB09F /* RealmSwift */; settings = {ATTRIBUTES = (CodeSignOnCopy, ); }; };
		637B972C2CBA070D00EFB09F /* EncountDataStruct.swift in Sources */ = {isa = PBXBuildFile; fileRef = 637B972B2CBA070D00EFB09F /* EncountDataStruct.swift */; };
		637BA0592C4252D200368566 /* EditSNSLinkViewModel.swift in Sources */ = {isa = PBXBuildFile; fileRef = 637BA0582C4252D200368566 /* EditSNSLinkViewModel.swift */; };
		637BA05B2C43934600368566 /* SNSLinkButtonView.swift in Sources */ = {isa = PBXBuildFile; fileRef = 637BA05A2C43934600368566 /* SNSLinkButtonView.swift */; };
		637BA05F2C44ADE400368566 /* ProfileViewModel.swift in Sources */ = {isa = PBXBuildFile; fileRef = 637BA05E2C44ADE400368566 /* ProfileViewModel.swift */; };
		637BA0652C4970A800368566 /* MenuView.swift in Sources */ = {isa = PBXBuildFile; fileRef = 637BA0642C4970A800368566 /* MenuView.swift */; };
		638732062BF4AE3F0099F68A /* User.swift in Sources */ = {isa = PBXBuildFile; fileRef = 638732052BF4AE3F0099F68A /* User.swift */; };
		638732082BF4B0E40099F68A /* MainTabView.swift in Sources */ = {isa = PBXBuildFile; fileRef = 638732072BF4B0E40099F68A /* MainTabView.swift */; };
		6387320B2BF4B3680099F68A /* LoginView.swift in Sources */ = {isa = PBXBuildFile; fileRef = 6387320A2BF4B3680099F68A /* LoginView.swift */; };
		6387320D2BF4B3930099F68A /* AddEmailView.swift in Sources */ = {isa = PBXBuildFile; fileRef = 6387320C2BF4B3930099F68A /* AddEmailView.swift */; };
		6387320F2BF4B3A30099F68A /* CreateUserNameView.swift in Sources */ = {isa = PBXBuildFile; fileRef = 6387320E2BF4B3A30099F68A /* CreateUserNameView.swift */; };
		638732112BF4B3BD0099F68A /* CreatePasswordView.swift in Sources */ = {isa = PBXBuildFile; fileRef = 638732102BF4B3BD0099F68A /* CreatePasswordView.swift */; };
		638732132BF4B3E90099F68A /* CompleteSignUpView.swift in Sources */ = {isa = PBXBuildFile; fileRef = 638732122BF4B3E90099F68A /* CompleteSignUpView.swift */; };
		638732172BF4B4630099F68A /* AuthService.swift in Sources */ = {isa = PBXBuildFile; fileRef = 638732162BF4B4630099F68A /* AuthService.swift */; };
		638732192BF4B62B0099F68A /* LoginViewModel.swift in Sources */ = {isa = PBXBuildFile; fileRef = 638732182BF4B62B0099F68A /* LoginViewModel.swift */; };
		6387321C2BF4B6B50099F68A /* IGTextFieldModifier.swift in Sources */ = {isa = PBXBuildFile; fileRef = 6387321B2BF4B6B50099F68A /* IGTextFieldModifier.swift */; };
		6387321E2BF4B7F80099F68A /* RegistrationViewModel.swift in Sources */ = {isa = PBXBuildFile; fileRef = 6387321D2BF4B7F80099F68A /* RegistrationViewModel.swift */; };
		638732232BF4BC770099F68A /* ContentViewModel.swift in Sources */ = {isa = PBXBuildFile; fileRef = 638732222BF4BC770099F68A /* ContentViewModel.swift */; };
		639A09532D22252500494DC5 /* RealtimeDataManager.swift in Sources */ = {isa = PBXBuildFile; fileRef = 639A09522D22252500494DC5 /* RealtimeDataManager.swift */; };
		639A0BD52CE446CC00A769C6 /* FollowFollowerView.swift in Sources */ = {isa = PBXBuildFile; fileRef = 639A0BD42CE446CC00A769C6 /* FollowFollowerView.swift */; };
		639A0BD72CE4A74300A769C6 /* CustomTabBarButtonView.swift in Sources */ = {isa = PBXBuildFile; fileRef = 639A0BD62CE4A74300A769C6 /* CustomTabBarButtonView.swift */; };
		639A0BD92CE4A86F00A769C6 /* FollowerView.swift in Sources */ = {isa = PBXBuildFile; fileRef = 639A0BD82CE4A86F00A769C6 /* FollowerView.swift */; };
		639A0BDB2CE4B01200A769C6 /* FollowerViewModel.swift in Sources */ = {isa = PBXBuildFile; fileRef = 639A0BDA2CE4B01200A769C6 /* FollowerViewModel.swift */; };
		639A0BDD2CE4E1F700A769C6 /* CountView.swift in Sources */ = {isa = PBXBuildFile; fileRef = 639A0BDC2CE4E1F700A769C6 /* CountView.swift */; };
		639A0BE52CE5C93B00A769C6 /* UserFollowFollowerView.swift in Sources */ = {isa = PBXBuildFile; fileRef = 639A0BE42CE5C93B00A769C6 /* UserFollowFollowerView.swift */; };
		639A0BE72CE5CB5500A769C6 /* UserFollowView.swift in Sources */ = {isa = PBXBuildFile; fileRef = 639A0BE62CE5CB5500A769C6 /* UserFollowView.swift */; };
		639A0BE92CE5CB7F00A769C6 /* UserFollowerView.swift in Sources */ = {isa = PBXBuildFile; fileRef = 639A0BE82CE5CB7F00A769C6 /* UserFollowerView.swift */; };
		639A0BEB2CE739C400A769C6 /* UserRowView.swift in Sources */ = {isa = PBXBuildFile; fileRef = 639A0BEA2CE739C400A769C6 /* UserRowView.swift */; };
		63AEA5CB2CC4053C009A22A2 /* Tags.swift in Sources */ = {isa = PBXBuildFile; fileRef = 63AEA5CA2CC4053C009A22A2 /* Tags.swift */; };
		63AEA5CD2CC66B18009A22A2 /* UserDatePair.swift in Sources */ = {isa = PBXBuildFile; fileRef = 63AEA5CC2CC66B18009A22A2 /* UserDatePair.swift */; };
		63AEF0F92C0C4C2A00DE196E /* TopTabView.swift in Sources */ = {isa = PBXBuildFile; fileRef = 63AEF0F82C0C4C2A00DE196E /* TopTabView.swift */; };
		63AEF0FB2C0C4C6500DE196E /* FollowView.swift in Sources */ = {isa = PBXBuildFile; fileRef = 63AEF0FA2C0C4C6500DE196E /* FollowView.swift */; };
		63AEF0FD2C0C507300DE196E /* BLEHistoryView.swift in Sources */ = {isa = PBXBuildFile; fileRef = 63AEF0FC2C0C507300DE196E /* BLEHistoryView.swift */; };
		63AEF0FF2C0CC89F00DE196E /* FollowViewModel.swift in Sources */ = {isa = PBXBuildFile; fileRef = 63AEF0FE2C0CC89F00DE196E /* FollowViewModel.swift */; };
		63B64FD82B8C763900289469 /* NearUApp.swift in Sources */ = {isa = PBXBuildFile; fileRef = 63B64FD72B8C763900289469 /* NearUApp.swift */; };
		63B64FDA2B8C763900289469 /* ContentView.swift in Sources */ = {isa = PBXBuildFile; fileRef = 63B64FD92B8C763900289469 /* ContentView.swift */; };
		63B64FDC2B8C763A00289469 /* Assets.xcassets in Resources */ = {isa = PBXBuildFile; fileRef = 63B64FDB2B8C763A00289469 /* Assets.xcassets */; };
		63B64FDF2B8C763A00289469 /* Preview Assets.xcassets in Resources */ = {isa = PBXBuildFile; fileRef = 63B64FDE2B8C763A00289469 /* Preview Assets.xcassets */; };
		63B64FE62B8C797400289469 /* BLECentralManager.swift in Sources */ = {isa = PBXBuildFile; fileRef = 63B64FE52B8C797400289469 /* BLECentralManager.swift */; };
		63B650052B8DDDF700289469 /* HomeView.swift in Sources */ = {isa = PBXBuildFile; fileRef = 63B650042B8DDDF700289469 /* HomeView.swift */; };
		63B650072B8DDE9300289469 /* ProfileView.swift in Sources */ = {isa = PBXBuildFile; fileRef = 63B650062B8DDE9300289469 /* ProfileView.swift */; };
		63B6500B2B8DDF0200289469 /* SettingView.swift in Sources */ = {isa = PBXBuildFile; fileRef = 63B6500A2B8DDF0200289469 /* SettingView.swift */; };
		63BEA4942CD0B46A006382AF /* NotificationManager.swift in Sources */ = {isa = PBXBuildFile; fileRef = 63BEA4932CD0B46A006382AF /* NotificationManager.swift */; };
		63BEA4962CD1CE3C006382AF /* FCMMessage.swift in Sources */ = {isa = PBXBuildFile; fileRef = 63BEA4952CD1CE3C006382AF /* FCMMessage.swift */; };
		63BEA49D2CD2211A006382AF /* JWTKit in Frameworks */ = {isa = PBXBuildFile; productRef = 63BEA49C2CD2211A006382AF /* JWTKit */; };
		63DFF87D2BF5930300A6DFB8 /* FirebaseAnalytics in Frameworks */ = {isa = PBXBuildFile; productRef = 63DFF87C2BF5930300A6DFB8 /* FirebaseAnalytics */; };
		63DFF8802BF6F02A00A6DFB8 /* ProfileHeaderView.swift in Sources */ = {isa = PBXBuildFile; fileRef = 63DFF87F2BF6F02A00A6DFB8 /* ProfileHeaderView.swift */; };
		63DFF8822BF6F14100A6DFB8 /* EditProfileView.swift in Sources */ = {isa = PBXBuildFile; fileRef = 63DFF8812BF6F14100A6DFB8 /* EditProfileView.swift */; };
		63DFF8842BF6F1C000A6DFB8 /* CurrentUserProfileViewModel.swift in Sources */ = {isa = PBXBuildFile; fileRef = 63DFF8832BF6F1C000A6DFB8 /* CurrentUserProfileViewModel.swift */; };
		63DFF8882BF704E500A6DFB8 /* UserService.swift in Sources */ = {isa = PBXBuildFile; fileRef = 63DFF8872BF704E500A6DFB8 /* UserService.swift */; };
		63DFF88C2BF8760B00A6DFB8 /* SearchView.swift in Sources */ = {isa = PBXBuildFile; fileRef = 63DFF88B2BF8760B00A6DFB8 /* SearchView.swift */; };
		63DFF8902BF876D100A6DFB8 /* BLEHistoryViewModel.swift in Sources */ = {isa = PBXBuildFile; fileRef = 63DFF88F2BF876D100A6DFB8 /* BLEHistoryViewModel.swift */; };
		63DFF8972BFC99ED00A6DFB8 /* Kingfisher in Frameworks */ = {isa = PBXBuildFile; productRef = 63DFF8962BFC99ED00A6DFB8 /* Kingfisher */; };
		63DFF8992BFC9A8300A6DFB8 /* CircleImageView.swift in Sources */ = {isa = PBXBuildFile; fileRef = 63DFF8982BFC9A8300A6DFB8 /* CircleImageView.swift */; };
		63DFF89B2BFC9D9F00A6DFB8 /* CurrentUserProfileView.swift in Sources */ = {isa = PBXBuildFile; fileRef = 63DFF89A2BFC9D9F00A6DFB8 /* CurrentUserProfileView.swift */; };
		63DFF8BC2C01531000A6DFB8 /* ImageUploader.swift in Sources */ = {isa = PBXBuildFile; fileRef = 63DFF8BB2C01531000A6DFB8 /* ImageUploader.swift */; };
		63DFF8C12C04040B00A6DFB8 /* SettingViewModel.swift in Sources */ = {isa = PBXBuildFile; fileRef = 63DFF8C02C04040B00A6DFB8 /* SettingViewModel.swift */; };
		63DFF8C32C05B60300A6DFB8 /* BLEPeripheralManager.swift in Sources */ = {isa = PBXBuildFile; fileRef = 63DFF8C22C05B60300A6DFB8 /* BLEPeripheralManager.swift */; };
		63E4CC872BED3037009E0C9B /* GoogleService-Info.plist in Resources */ = {isa = PBXBuildFile; fileRef = 63E4CC862BED3037009E0C9B /* GoogleService-Info.plist */; };
		63E4CC8A2BED30EA009E0C9B /* FirebaseAuth in Frameworks */ = {isa = PBXBuildFile; productRef = 63E4CC892BED30EA009E0C9B /* FirebaseAuth */; };
		63E4CC8C2BED30EA009E0C9B /* FirebaseFirestore in Frameworks */ = {isa = PBXBuildFile; productRef = 63E4CC8B2BED30EA009E0C9B /* FirebaseFirestore */; };
		63E4CC8E2BED30EA009E0C9B /* FirebaseFirestoreSwift in Frameworks */ = {isa = PBXBuildFile; productRef = 63E4CC8D2BED30EA009E0C9B /* FirebaseFirestoreSwift */; };
		63E4CC902BED30EA009E0C9B /* FirebaseStorage in Frameworks */ = {isa = PBXBuildFile; productRef = 63E4CC8F2BED30EA009E0C9B /* FirebaseStorage */; };
		63F84BB12D1C3B82009FE5DD /* Private.json in Resources */ = {isa = PBXBuildFile; fileRef = 63F84BB02D1C3B82009FE5DD /* Private.json */; };
		63F84BB72D1E6D47009FE5DD /* HistoryService.swift in Sources */ = {isa = PBXBuildFile; fileRef = 63F84BB62D1E6D47009FE5DD /* HistoryService.swift */; };
		63FDDFCF2CEB1D4500B90074 /* HistoryRowData.swift in Sources */ = {isa = PBXBuildFile; fileRef = 63FDDFCE2CEB1D4500B90074 /* HistoryRowData.swift */; };
		63FDDFD12CEB2B1300B90074 /* FollowUserRowData.swift in Sources */ = {isa = PBXBuildFile; fileRef = 63FDDFD02CEB2B1300B90074 /* FollowUserRowData.swift */; };
		63FDDFD32CECCC2900B90074 /* WordCloudView.swift in Sources */ = {isa = PBXBuildFile; fileRef = 63FDDFD22CECCC2900B90074 /* WordCloudView.swift */; };
		63FDDFD52CECCCE800B90074 /* WordElement.swift in Sources */ = {isa = PBXBuildFile; fileRef = 63FDDFD42CECCCE800B90074 /* WordElement.swift */; };
		63FDDFD72CECD9C400B90074 /* EditSkillTagsView.swift in Sources */ = {isa = PBXBuildFile; fileRef = 63FDDFD62CECD9C400B90074 /* EditSkillTagsView.swift */; };
		63FDDFD92CEF537500B90074 /* EditSkillTagsViewModel.swift in Sources */ = {isa = PBXBuildFile; fileRef = 63FDDFD82CEF537500B90074 /* EditSkillTagsViewModel.swift */; };
		63FDDFDB2CEF7A1800B90074 /* TagsService.swift in Sources */ = {isa = PBXBuildFile; fileRef = 63FDDFDA2CEF7A1800B90074 /* TagsService.swift */; };
		63FDDFDD2CF1DA5800B90074 /* TagIndexView.swift in Sources */ = {isa = PBXBuildFile; fileRef = 63FDDFDC2CF1DA5800B90074 /* TagIndexView.swift */; };
		63FDDFDF2CF2F5A900B90074 /* Top3TabView.swift in Sources */ = {isa = PBXBuildFile; fileRef = 63FDDFDE2CF2F5A900B90074 /* Top3TabView.swift */; };
		63FDDFE12CF4766A00B90074 /* InterestTagView.swift in Sources */ = {isa = PBXBuildFile; fileRef = 63FDDFE02CF4766A00B90074 /* InterestTagView.swift */; };
		63FDDFE32CF4886600B90074 /* InterestTag.swift in Sources */ = {isa = PBXBuildFile; fileRef = 63FDDFE22CF4886600B90074 /* InterestTag.swift */; };
		63FDDFE62CF6B44D00B90074 /* SupplementButtonView.swift in Sources */ = {isa = PBXBuildFile; fileRef = 63FDDFE52CF6B44D00B90074 /* SupplementButtonView.swift */; };
		63FDDFEC2CF8378100B90074 /* FollowerUserRowData.swift in Sources */ = {isa = PBXBuildFile; fileRef = 63FDDFEB2CF8378100B90074 /* FollowerUserRowData.swift */; };
		63FDDFEE2CFD458A00B90074 /* EdgeSwipeModifier.swift in Sources */ = {isa = PBXBuildFile; fileRef = 63FDDFED2CFD458A00B90074 /* EdgeSwipeModifier.swift */; };
		F20F20612CD36574007E85C2 /* EditFrameworkTagsView.swift in Sources */ = {isa = PBXBuildFile; fileRef = F20F20602CD36574007E85C2 /* EditFrameworkTagsView.swift */; };
		F21D2E722CD5F21E00BBDE37 /* LaunchScreen.swift in Sources */ = {isa = PBXBuildFile; fileRef = F21D2E712CD5F21E00BBDE37 /* LaunchScreen.swift */; };
		F258616A2CCB245000715D20 /* PasswordResetView.swift in Sources */ = {isa = PBXBuildFile; fileRef = F25861692CCB245000715D20 /* PasswordResetView.swift */; };
		F258616C2CCB260900715D20 /* PasswordResetViewModel.swift in Sources */ = {isa = PBXBuildFile; fileRef = F258616B2CCB260900715D20 /* PasswordResetViewModel.swift */; };
		F273EA052CD7D7F90072121E /* OpenGraph in Frameworks */ = {isa = PBXBuildFile; productRef = F273EA042CD7D7F90072121E /* OpenGraph */; };
		F27521BA2CDEF38E00B00ABC /* URLFieldModifier.swift in Sources */ = {isa = PBXBuildFile; fileRef = F27521B92CDEF36A00B00ABC /* URLFieldModifier.swift */; };
/* End PBXBuildFile section */

/* Begin PBXCopyFilesBuildPhase section */
		637B97292CB9024400EFB09F /* Embed Frameworks */ = {
			isa = PBXCopyFilesBuildPhase;
			buildActionMask = 2147483647;
			dstPath = "";
			dstSubfolderSpec = 10;
			files = (
				637B97282CB9024400EFB09F /* RealmSwift in Embed Frameworks */,
			);
			name = "Embed Frameworks";
			runOnlyForDeploymentPostprocessing = 0;
		};
/* End PBXCopyFilesBuildPhase section */

/* Begin PBXFileReference section */
		3207D11C2CDD232F00A6E637 /* EditArticleView.swift */ = {isa = PBXFileReference; lastKnownFileType = sourcecode.swift; path = EditArticleView.swift; sourceTree = "<group>"; };
		32860C692CD32B4300D9BBD7 /* ArticleLinksViewModel.swift */ = {isa = PBXFileReference; fileEncoding = 4; lastKnownFileType = sourcecode.swift; path = ArticleLinksViewModel.swift; sourceTree = "<group>"; };
		3292076C2CB3C3E50003EC78 /* SiteLinkButtonView.swift */ = {isa = PBXFileReference; lastKnownFileType = sourcecode.swift; path = SiteLinkButtonView.swift; sourceTree = "<group>"; };
		630B9EA32CC344E9002F06AB /* TagsView.swift */ = {isa = PBXFileReference; lastKnownFileType = sourcecode.swift; path = TagsView.swift; sourceTree = "<group>"; };
		630B9EA52CC345B4002F06AB /* EditLanguageTagsView.swift */ = {isa = PBXFileReference; lastKnownFileType = sourcecode.swift; path = EditLanguageTagsView.swift; sourceTree = "<group>"; };
		63135D8D2CA90523004137AF /* BackgroundImageView.swift */ = {isa = PBXFileReference; lastKnownFileType = sourcecode.swift; path = BackgroundImageView.swift; sourceTree = "<group>"; };
		63135DA22CB7ABCC004137AF /* HistoryManager.swift */ = {isa = PBXFileReference; lastKnownFileType = sourcecode.swift; path = HistoryManager.swift; sourceTree = "<group>"; };
		631591B92D361E8B00E16DE3 /* KalmanFilter.swift */ = {isa = PBXFileReference; lastKnownFileType = sourcecode.swift; path = KalmanFilter.swift; sourceTree = "<group>"; };
		631591CB2D44E14C00E16DE3 /* RealmService.swift */ = {isa = PBXFileReference; lastKnownFileType = sourcecode.swift; path = RealmService.swift; sourceTree = "<group>"; };
		63173DF52C36BEC700F1FE82 /* UserDefaultsManager.swift */ = {isa = PBXFileReference; lastKnownFileType = sourcecode.swift; path = UserDefaultsManager.swift; sourceTree = "<group>"; };
		63173DF72C37D77600F1FE82 /* EditSNSLinkView.swift */ = {isa = PBXFileReference; lastKnownFileType = sourcecode.swift; path = EditSNSLinkView.swift; sourceTree = "<group>"; };
		63226E1D2D69BCA5006EBCCF /* SupplementButtonViewModel.swift */ = {isa = PBXFileReference; lastKnownFileType = sourcecode.swift; path = SupplementButtonViewModel.swift; sourceTree = "<group>"; };
		63226E1F2D69BF28006EBCCF /* UserActions.swift */ = {isa = PBXFileReference; lastKnownFileType = sourcecode.swift; path = UserActions.swift; sourceTree = "<group>"; };
		63226E212D6ABFD1006EBCCF /* BlockUserManager.swift */ = {isa = PBXFileReference; lastKnownFileType = sourcecode.swift; path = BlockUserManager.swift; sourceTree = "<group>"; };
		63226E292D6DDD10006EBCCF /* UserIdentifiable.swift */ = {isa = PBXFileReference; lastKnownFileType = sourcecode.swift; path = UserIdentifiable.swift; sourceTree = "<group>"; };
		63226E2B2D6E3B1E006EBCCF /* BlockListView.swift */ = {isa = PBXFileReference; lastKnownFileType = sourcecode.swift; path = BlockListView.swift; sourceTree = "<group>"; };
		63226E2F2D6F645B006EBCCF /* BlockListViewModel.swift */ = {isa = PBXFileReference; lastKnownFileType = sourcecode.swift; path = BlockListViewModel.swift; sourceTree = "<group>"; };
		63226E312D71A2A5006EBCCF /* EditEmailView.swift */ = {isa = PBXFileReference; lastKnownFileType = sourcecode.swift; path = EditEmailView.swift; sourceTree = "<group>"; };
		6344BE312CD5F254009F404E /* ViewTransitionManager.swift */ = {isa = PBXFileReference; lastKnownFileType = sourcecode.swift; path = ViewTransitionManager.swift; sourceTree = "<group>"; };
		6344BE352CD708D5009F404E /* LoadingView.swift */ = {isa = PBXFileReference; lastKnownFileType = sourcecode.swift; path = LoadingView.swift; sourceTree = "<group>"; };
		6344BE372CD71678009F404E /* LoadingViewModel.swift */ = {isa = PBXFileReference; lastKnownFileType = sourcecode.swift; path = LoadingViewModel.swift; sourceTree = "<group>"; };
		6344BE392CD758B0009F404E /* HistoryData.swift */ = {isa = PBXFileReference; lastKnownFileType = sourcecode.swift; path = HistoryData.swift; sourceTree = "<group>"; };
		6344BE3B2CD759CA009F404E /* HistoryDataStruct.swift */ = {isa = PBXFileReference; lastKnownFileType = sourcecode.swift; path = HistoryDataStruct.swift; sourceTree = "<group>"; };
		6344BE3D2CD75C42009F404E /* NotificationData.swift */ = {isa = PBXFileReference; lastKnownFileType = sourcecode.swift; path = NotificationData.swift; sourceTree = "<group>"; };
		6344BE412CDA81C3009F404E /* UserHistoryRecord.swift */ = {isa = PBXFileReference; lastKnownFileType = sourcecode.swift; path = UserHistoryRecord.swift; sourceTree = "<group>"; };
		6344BE432CDBA93D009F404E /* BLERealtimeViewModel.swift */ = {isa = PBXFileReference; lastKnownFileType = sourcecode.swift; path = BLERealtimeViewModel.swift; sourceTree = "<group>"; };
		6344BE452CDBA9A3009F404E /* UserRealtimeRecord.swift */ = {isa = PBXFileReference; lastKnownFileType = sourcecode.swift; path = UserRealtimeRecord.swift; sourceTree = "<group>"; };
		6344BE472CDBA9F8009F404E /* BLERealtimeView.swift */ = {isa = PBXFileReference; lastKnownFileType = sourcecode.swift; path = BLERealtimeView.swift; sourceTree = "<group>"; };
		6344BE492CDE065A009F404E /* OpenGraphData.swift */ = {isa = PBXFileReference; lastKnownFileType = sourcecode.swift; path = OpenGraphData.swift; sourceTree = "<group>"; };
		6375622A2CCC83C900137B27 /* NearU.entitlements */ = {isa = PBXFileReference; lastKnownFileType = text.plist.entitlements; path = NearU.entitlements; sourceTree = "<group>"; };
		637B972B2CBA070D00EFB09F /* EncountDataStruct.swift */ = {isa = PBXFileReference; lastKnownFileType = sourcecode.swift; path = EncountDataStruct.swift; sourceTree = "<group>"; };
		637BA0582C4252D200368566 /* EditSNSLinkViewModel.swift */ = {isa = PBXFileReference; lastKnownFileType = sourcecode.swift; path = EditSNSLinkViewModel.swift; sourceTree = "<group>"; };
		637BA05A2C43934600368566 /* SNSLinkButtonView.swift */ = {isa = PBXFileReference; lastKnownFileType = sourcecode.swift; path = SNSLinkButtonView.swift; sourceTree = "<group>"; };
		637BA05E2C44ADE400368566 /* ProfileViewModel.swift */ = {isa = PBXFileReference; lastKnownFileType = sourcecode.swift; path = ProfileViewModel.swift; sourceTree = "<group>"; };
		637BA0642C4970A800368566 /* MenuView.swift */ = {isa = PBXFileReference; lastKnownFileType = sourcecode.swift; path = MenuView.swift; sourceTree = "<group>"; };
		638732052BF4AE3F0099F68A /* User.swift */ = {isa = PBXFileReference; lastKnownFileType = sourcecode.swift; path = User.swift; sourceTree = "<group>"; };
		638732072BF4B0E40099F68A /* MainTabView.swift */ = {isa = PBXFileReference; lastKnownFileType = sourcecode.swift; path = MainTabView.swift; sourceTree = "<group>"; };
		6387320A2BF4B3680099F68A /* LoginView.swift */ = {isa = PBXFileReference; lastKnownFileType = sourcecode.swift; path = LoginView.swift; sourceTree = "<group>"; };
		6387320C2BF4B3930099F68A /* AddEmailView.swift */ = {isa = PBXFileReference; lastKnownFileType = sourcecode.swift; path = AddEmailView.swift; sourceTree = "<group>"; };
		6387320E2BF4B3A30099F68A /* CreateUserNameView.swift */ = {isa = PBXFileReference; lastKnownFileType = sourcecode.swift; path = CreateUserNameView.swift; sourceTree = "<group>"; };
		638732102BF4B3BD0099F68A /* CreatePasswordView.swift */ = {isa = PBXFileReference; lastKnownFileType = sourcecode.swift; path = CreatePasswordView.swift; sourceTree = "<group>"; };
		638732122BF4B3E90099F68A /* CompleteSignUpView.swift */ = {isa = PBXFileReference; lastKnownFileType = sourcecode.swift; path = CompleteSignUpView.swift; sourceTree = "<group>"; };
		638732162BF4B4630099F68A /* AuthService.swift */ = {isa = PBXFileReference; lastKnownFileType = sourcecode.swift; path = AuthService.swift; sourceTree = "<group>"; };
		638732182BF4B62B0099F68A /* LoginViewModel.swift */ = {isa = PBXFileReference; lastKnownFileType = sourcecode.swift; path = LoginViewModel.swift; sourceTree = "<group>"; };
		6387321B2BF4B6B50099F68A /* IGTextFieldModifier.swift */ = {isa = PBXFileReference; lastKnownFileType = sourcecode.swift; path = IGTextFieldModifier.swift; sourceTree = "<group>"; };
		6387321D2BF4B7F80099F68A /* RegistrationViewModel.swift */ = {isa = PBXFileReference; lastKnownFileType = sourcecode.swift; path = RegistrationViewModel.swift; sourceTree = "<group>"; };
		638732222BF4BC770099F68A /* ContentViewModel.swift */ = {isa = PBXFileReference; lastKnownFileType = sourcecode.swift; path = ContentViewModel.swift; sourceTree = "<group>"; };
		639A09522D22252500494DC5 /* RealtimeDataManager.swift */ = {isa = PBXFileReference; lastKnownFileType = sourcecode.swift; path = RealtimeDataManager.swift; sourceTree = "<group>"; };
		639A0BD42CE446CC00A769C6 /* FollowFollowerView.swift */ = {isa = PBXFileReference; lastKnownFileType = sourcecode.swift; path = FollowFollowerView.swift; sourceTree = "<group>"; };
		639A0BD62CE4A74300A769C6 /* CustomTabBarButtonView.swift */ = {isa = PBXFileReference; lastKnownFileType = sourcecode.swift; path = CustomTabBarButtonView.swift; sourceTree = "<group>"; };
		639A0BD82CE4A86F00A769C6 /* FollowerView.swift */ = {isa = PBXFileReference; lastKnownFileType = sourcecode.swift; path = FollowerView.swift; sourceTree = "<group>"; };
		639A0BDA2CE4B01200A769C6 /* FollowerViewModel.swift */ = {isa = PBXFileReference; lastKnownFileType = sourcecode.swift; path = FollowerViewModel.swift; sourceTree = "<group>"; };
		639A0BDC2CE4E1F700A769C6 /* CountView.swift */ = {isa = PBXFileReference; lastKnownFileType = sourcecode.swift; path = CountView.swift; sourceTree = "<group>"; };
		639A0BE42CE5C93B00A769C6 /* UserFollowFollowerView.swift */ = {isa = PBXFileReference; lastKnownFileType = sourcecode.swift; path = UserFollowFollowerView.swift; sourceTree = "<group>"; };
		639A0BE62CE5CB5500A769C6 /* UserFollowView.swift */ = {isa = PBXFileReference; lastKnownFileType = sourcecode.swift; path = UserFollowView.swift; sourceTree = "<group>"; };
		639A0BE82CE5CB7F00A769C6 /* UserFollowerView.swift */ = {isa = PBXFileReference; lastKnownFileType = sourcecode.swift; path = UserFollowerView.swift; sourceTree = "<group>"; };
		639A0BEA2CE739C400A769C6 /* UserRowView.swift */ = {isa = PBXFileReference; lastKnownFileType = sourcecode.swift; path = UserRowView.swift; sourceTree = "<group>"; };
		63AEA5CA2CC4053C009A22A2 /* Tags.swift */ = {isa = PBXFileReference; lastKnownFileType = sourcecode.swift; path = Tags.swift; sourceTree = "<group>"; };
		63AEA5CC2CC66B18009A22A2 /* UserDatePair.swift */ = {isa = PBXFileReference; lastKnownFileType = sourcecode.swift; path = UserDatePair.swift; sourceTree = "<group>"; };
		63AEF0F82C0C4C2A00DE196E /* TopTabView.swift */ = {isa = PBXFileReference; lastKnownFileType = sourcecode.swift; path = TopTabView.swift; sourceTree = "<group>"; };
		63AEF0FA2C0C4C6500DE196E /* FollowView.swift */ = {isa = PBXFileReference; lastKnownFileType = sourcecode.swift; path = FollowView.swift; sourceTree = "<group>"; };
		63AEF0FC2C0C507300DE196E /* BLEHistoryView.swift */ = {isa = PBXFileReference; lastKnownFileType = sourcecode.swift; path = BLEHistoryView.swift; sourceTree = "<group>"; };
		63AEF0FE2C0CC89F00DE196E /* FollowViewModel.swift */ = {isa = PBXFileReference; lastKnownFileType = sourcecode.swift; path = FollowViewModel.swift; sourceTree = "<group>"; };
		63B64FD42B8C763900289469 /* NearU.app */ = {isa = PBXFileReference; explicitFileType = wrapper.application; includeInIndex = 0; path = NearU.app; sourceTree = BUILT_PRODUCTS_DIR; };
		63B64FD72B8C763900289469 /* NearUApp.swift */ = {isa = PBXFileReference; lastKnownFileType = sourcecode.swift; path = NearUApp.swift; sourceTree = "<group>"; };
		63B64FD92B8C763900289469 /* ContentView.swift */ = {isa = PBXFileReference; lastKnownFileType = sourcecode.swift; path = ContentView.swift; sourceTree = "<group>"; };
		63B64FDB2B8C763A00289469 /* Assets.xcassets */ = {isa = PBXFileReference; lastKnownFileType = folder.assetcatalog; path = Assets.xcassets; sourceTree = "<group>"; };
		63B64FDE2B8C763A00289469 /* Preview Assets.xcassets */ = {isa = PBXFileReference; lastKnownFileType = folder.assetcatalog; path = "Preview Assets.xcassets"; sourceTree = "<group>"; };
		63B64FE52B8C797400289469 /* BLECentralManager.swift */ = {isa = PBXFileReference; lastKnownFileType = sourcecode.swift; path = BLECentralManager.swift; sourceTree = "<group>"; };
		63B64FE72B8C7BF200289469 /* Info.plist */ = {isa = PBXFileReference; lastKnownFileType = text.plist; path = Info.plist; sourceTree = "<group>"; };
		63B650042B8DDDF700289469 /* HomeView.swift */ = {isa = PBXFileReference; lastKnownFileType = sourcecode.swift; path = HomeView.swift; sourceTree = "<group>"; };
		63B650062B8DDE9300289469 /* ProfileView.swift */ = {isa = PBXFileReference; lastKnownFileType = sourcecode.swift; path = ProfileView.swift; sourceTree = "<group>"; };
		63B6500A2B8DDF0200289469 /* SettingView.swift */ = {isa = PBXFileReference; lastKnownFileType = sourcecode.swift; path = SettingView.swift; sourceTree = "<group>"; };
		63BEA4932CD0B46A006382AF /* NotificationManager.swift */ = {isa = PBXFileReference; lastKnownFileType = sourcecode.swift; path = NotificationManager.swift; sourceTree = "<group>"; };
		63BEA4952CD1CE3C006382AF /* FCMMessage.swift */ = {isa = PBXFileReference; lastKnownFileType = sourcecode.swift; path = FCMMessage.swift; sourceTree = "<group>"; };
		63DFF87F2BF6F02A00A6DFB8 /* ProfileHeaderView.swift */ = {isa = PBXFileReference; lastKnownFileType = sourcecode.swift; path = ProfileHeaderView.swift; sourceTree = "<group>"; };
		63DFF8812BF6F14100A6DFB8 /* EditProfileView.swift */ = {isa = PBXFileReference; lastKnownFileType = sourcecode.swift; path = EditProfileView.swift; sourceTree = "<group>"; };
		63DFF8832BF6F1C000A6DFB8 /* CurrentUserProfileViewModel.swift */ = {isa = PBXFileReference; lastKnownFileType = sourcecode.swift; path = CurrentUserProfileViewModel.swift; sourceTree = "<group>"; };
		63DFF8872BF704E500A6DFB8 /* UserService.swift */ = {isa = PBXFileReference; lastKnownFileType = sourcecode.swift; path = UserService.swift; sourceTree = "<group>"; };
		63DFF88B2BF8760B00A6DFB8 /* SearchView.swift */ = {isa = PBXFileReference; lastKnownFileType = sourcecode.swift; path = SearchView.swift; sourceTree = "<group>"; };
		63DFF88F2BF876D100A6DFB8 /* BLEHistoryViewModel.swift */ = {isa = PBXFileReference; lastKnownFileType = sourcecode.swift; path = BLEHistoryViewModel.swift; sourceTree = "<group>"; };
		63DFF8982BFC9A8300A6DFB8 /* CircleImageView.swift */ = {isa = PBXFileReference; lastKnownFileType = sourcecode.swift; path = CircleImageView.swift; sourceTree = "<group>"; };
		63DFF89A2BFC9D9F00A6DFB8 /* CurrentUserProfileView.swift */ = {isa = PBXFileReference; lastKnownFileType = sourcecode.swift; path = CurrentUserProfileView.swift; sourceTree = "<group>"; };
		63DFF8BB2C01531000A6DFB8 /* ImageUploader.swift */ = {isa = PBXFileReference; lastKnownFileType = sourcecode.swift; path = ImageUploader.swift; sourceTree = "<group>"; };
		63DFF8C02C04040B00A6DFB8 /* SettingViewModel.swift */ = {isa = PBXFileReference; lastKnownFileType = sourcecode.swift; path = SettingViewModel.swift; sourceTree = "<group>"; };
		63DFF8C22C05B60300A6DFB8 /* BLEPeripheralManager.swift */ = {isa = PBXFileReference; lastKnownFileType = sourcecode.swift; path = BLEPeripheralManager.swift; sourceTree = "<group>"; };
		63E4CC862BED3037009E0C9B /* GoogleService-Info.plist */ = {isa = PBXFileReference; fileEncoding = 4; lastKnownFileType = text.plist.xml; path = "GoogleService-Info.plist"; sourceTree = SOURCE_ROOT; };
		63F84BB02D1C3B82009FE5DD /* Private.json */ = {isa = PBXFileReference; lastKnownFileType = text.json; path = Private.json; sourceTree = "<group>"; };
		63F84BB62D1E6D47009FE5DD /* HistoryService.swift */ = {isa = PBXFileReference; lastKnownFileType = sourcecode.swift; path = HistoryService.swift; sourceTree = "<group>"; };
		63FDDFCE2CEB1D4500B90074 /* HistoryRowData.swift */ = {isa = PBXFileReference; lastKnownFileType = sourcecode.swift; path = HistoryRowData.swift; sourceTree = "<group>"; };
		63FDDFD02CEB2B1300B90074 /* FollowUserRowData.swift */ = {isa = PBXFileReference; lastKnownFileType = sourcecode.swift; path = FollowUserRowData.swift; sourceTree = "<group>"; };
		63FDDFD22CECCC2900B90074 /* WordCloudView.swift */ = {isa = PBXFileReference; lastKnownFileType = sourcecode.swift; path = WordCloudView.swift; sourceTree = "<group>"; };
		63FDDFD42CECCCE800B90074 /* WordElement.swift */ = {isa = PBXFileReference; lastKnownFileType = sourcecode.swift; path = WordElement.swift; sourceTree = "<group>"; };
		63FDDFD62CECD9C400B90074 /* EditSkillTagsView.swift */ = {isa = PBXFileReference; lastKnownFileType = sourcecode.swift; path = EditSkillTagsView.swift; sourceTree = "<group>"; };
		63FDDFD82CEF537500B90074 /* EditSkillTagsViewModel.swift */ = {isa = PBXFileReference; lastKnownFileType = sourcecode.swift; path = EditSkillTagsViewModel.swift; sourceTree = "<group>"; };
		63FDDFDA2CEF7A1800B90074 /* TagsService.swift */ = {isa = PBXFileReference; lastKnownFileType = sourcecode.swift; path = TagsService.swift; sourceTree = "<group>"; };
		63FDDFDC2CF1DA5800B90074 /* TagIndexView.swift */ = {isa = PBXFileReference; lastKnownFileType = sourcecode.swift; path = TagIndexView.swift; sourceTree = "<group>"; };
		63FDDFDE2CF2F5A900B90074 /* Top3TabView.swift */ = {isa = PBXFileReference; lastKnownFileType = sourcecode.swift; path = Top3TabView.swift; sourceTree = "<group>"; };
		63FDDFE02CF4766A00B90074 /* InterestTagView.swift */ = {isa = PBXFileReference; lastKnownFileType = sourcecode.swift; path = InterestTagView.swift; sourceTree = "<group>"; };
		63FDDFE22CF4886600B90074 /* InterestTag.swift */ = {isa = PBXFileReference; lastKnownFileType = sourcecode.swift; path = InterestTag.swift; sourceTree = "<group>"; };
		63FDDFE52CF6B44D00B90074 /* SupplementButtonView.swift */ = {isa = PBXFileReference; lastKnownFileType = sourcecode.swift; path = SupplementButtonView.swift; sourceTree = "<group>"; };
		63FDDFEB2CF8378100B90074 /* FollowerUserRowData.swift */ = {isa = PBXFileReference; lastKnownFileType = sourcecode.swift; path = FollowerUserRowData.swift; sourceTree = "<group>"; };
		63FDDFED2CFD458A00B90074 /* EdgeSwipeModifier.swift */ = {isa = PBXFileReference; lastKnownFileType = sourcecode.swift; path = EdgeSwipeModifier.swift; sourceTree = "<group>"; };
		F20F20602CD36574007E85C2 /* EditFrameworkTagsView.swift */ = {isa = PBXFileReference; lastKnownFileType = sourcecode.swift; path = EditFrameworkTagsView.swift; sourceTree = "<group>"; };
		F21D2E712CD5F21E00BBDE37 /* LaunchScreen.swift */ = {isa = PBXFileReference; lastKnownFileType = sourcecode.swift; path = LaunchScreen.swift; sourceTree = "<group>"; };
		F25861692CCB245000715D20 /* PasswordResetView.swift */ = {isa = PBXFileReference; lastKnownFileType = sourcecode.swift; path = PasswordResetView.swift; sourceTree = "<group>"; };
		F258616B2CCB260900715D20 /* PasswordResetViewModel.swift */ = {isa = PBXFileReference; lastKnownFileType = sourcecode.swift; path = PasswordResetViewModel.swift; sourceTree = "<group>"; };
		F27521B92CDEF36A00B00ABC /* URLFieldModifier.swift */ = {isa = PBXFileReference; lastKnownFileType = sourcecode.swift; path = URLFieldModifier.swift; sourceTree = "<group>"; };
/* End PBXFileReference section */

/* Begin PBXFrameworksBuildPhase section */
		63B64FD12B8C763900289469 /* Frameworks */ = {
			isa = PBXFrameworksBuildPhase;
			buildActionMask = 2147483647;
			files = (
				F273EA052CD7D7F90072121E /* OpenGraph in Frameworks */,
				6375622C2CCE50B100137B27 /* FirebaseMessaging in Frameworks */,
				637B97272CB8FBC100EFB09F /* RealmSwift in Frameworks */,
				63DFF8972BFC99ED00A6DFB8 /* Kingfisher in Frameworks */,
				63E4CC8A2BED30EA009E0C9B /* FirebaseAuth in Frameworks */,
				63E4CC902BED30EA009E0C9B /* FirebaseStorage in Frameworks */,
				63BEA49D2CD2211A006382AF /* JWTKit in Frameworks */,
				63E4CC8C2BED30EA009E0C9B /* FirebaseFirestore in Frameworks */,
				63135D8B2CA6643F004137AF /* FirebaseAppCheck in Frameworks */,
				63DFF87D2BF5930300A6DFB8 /* FirebaseAnalytics in Frameworks */,
				63E4CC8E2BED30EA009E0C9B /* FirebaseFirestoreSwift in Frameworks */,
			);
			runOnlyForDeploymentPostprocessing = 0;
		};
/* End PBXFrameworksBuildPhase section */

/* Begin PBXGroup section */
		63135D8C2CA8FD67004137AF /* Service */ = {
			isa = PBXGroup;
			children = (
				638732162BF4B4630099F68A /* AuthService.swift */,
				63DFF8BB2C01531000A6DFB8 /* ImageUploader.swift */,
				63DFF8872BF704E500A6DFB8 /* UserService.swift */,
				63B64FE52B8C797400289469 /* BLECentralManager.swift */,
				63DFF8C22C05B60300A6DFB8 /* BLEPeripheralManager.swift */,
				63173DF52C36BEC700F1FE82 /* UserDefaultsManager.swift */,
				63135DA22CB7ABCC004137AF /* HistoryManager.swift */,
				63BEA4932CD0B46A006382AF /* NotificationManager.swift */,
				6344BE312CD5F254009F404E /* ViewTransitionManager.swift */,
				63FDDFDA2CEF7A1800B90074 /* TagsService.swift */,
				63F84BB62D1E6D47009FE5DD /* HistoryService.swift */,
				639A09522D22252500494DC5 /* RealtimeDataManager.swift */,
				631591B92D361E8B00E16DE3 /* KalmanFilter.swift */,
				631591CB2D44E14C00E16DE3 /* RealmService.swift */,
				63226E1F2D69BF28006EBCCF /* UserActions.swift */,
				63226E212D6ABFD1006EBCCF /* BlockUserManager.swift */,
			);
			path = Service;
			sourceTree = "<group>";
		};
		63226E282D6DDCF3006EBCCF /* Protocols */ = {
			isa = PBXGroup;
			children = (
				63226E292D6DDD10006EBCCF /* UserIdentifiable.swift */,
			);
			path = Protocols;
			sourceTree = "<group>";
		};
		6325D1BA2BC82F1000ED8227 /* View */ = {
			isa = PBXGroup;
			children = (
				638732072BF4B0E40099F68A /* MainTabView.swift */,
				63DFF8922BF8B7E000A6DFB8 /* Profile */,
				63DFF88D2BF8769C00A6DFB8 /* Search */,
				63DFF8BD2C0403CC00A6DFB8 /* Setting */,
				63DFF87E2BF6EFF400A6DFB8 /* MainView */,
				6367B7932BE149EB0065C1BD /* MainCompornents */,
				6344BE372CD71678009F404E /* LoadingViewModel.swift */,
			);
			path = View;
			sourceTree = "<group>";
		};
		6367B7922BE149DF0065C1BD /* Main */ = {
			isa = PBXGroup;
			children = (
				638732212BF4BC5D0099F68A /* ViewModel */,
				638732202BF4BC150099F68A /* View */,
			);
			path = Main;
			sourceTree = "<group>";
		};
		6367B7932BE149EB0065C1BD /* MainCompornents */ = {
			isa = PBXGroup;
			children = (
				63AEF0F82C0C4C2A00DE196E /* TopTabView.swift */,
				637BA0642C4970A800368566 /* MenuView.swift */,
				6344BE352CD708D5009F404E /* LoadingView.swift */,
				639A0BD62CE4A74300A769C6 /* CustomTabBarButtonView.swift */,
				639A0BDC2CE4E1F700A769C6 /* CountView.swift */,
				639A0BEA2CE739C400A769C6 /* UserRowView.swift */,
				63FDDFD22CECCC2900B90074 /* WordCloudView.swift */,
				63FDDFDE2CF2F5A900B90074 /* Top3TabView.swift */,
			);
			path = MainCompornents;
			sourceTree = "<group>";
		};
		638732042BF4AE0C0099F68A /* Model */ = {
			isa = PBXGroup;
			children = (
				638732052BF4AE3F0099F68A /* User.swift */,
				637B972B2CBA070D00EFB09F /* EncountDataStruct.swift */,
				63AEA5CA2CC4053C009A22A2 /* Tags.swift */,
				63AEA5CC2CC66B18009A22A2 /* UserDatePair.swift */,
				63BEA4952CD1CE3C006382AF /* FCMMessage.swift */,
				6344BE392CD758B0009F404E /* HistoryData.swift */,
				6344BE3B2CD759CA009F404E /* HistoryDataStruct.swift */,
				6344BE3D2CD75C42009F404E /* NotificationData.swift */,
				6344BE412CDA81C3009F404E /* UserHistoryRecord.swift */,
				6344BE452CDBA9A3009F404E /* UserRealtimeRecord.swift */,
				6344BE492CDE065A009F404E /* OpenGraphData.swift */,
				63FDDFCE2CEB1D4500B90074 /* HistoryRowData.swift */,
				63FDDFD02CEB2B1300B90074 /* FollowUserRowData.swift */,
				63FDDFD42CECCCE800B90074 /* WordElement.swift */,
				63FDDFE22CF4886600B90074 /* InterestTag.swift */,
				63FDDFEB2CF8378100B90074 /* FollowerUserRowData.swift */,
			);
			path = Model;
			sourceTree = "<group>";
		};
		638732092BF4B34B0099F68A /* Authentication */ = {
			isa = PBXGroup;
			children = (
				638732152BF4B41B0099F68A /* ViewModel */,
				638732142BF4B3F40099F68A /* View */,
			);
			path = Authentication;
			sourceTree = "<group>";
		};
		638732142BF4B3F40099F68A /* View */ = {
			isa = PBXGroup;
			children = (
				6387320A2BF4B3680099F68A /* LoginView.swift */,
				6387320C2BF4B3930099F68A /* AddEmailView.swift */,
				6387320E2BF4B3A30099F68A /* CreateUserNameView.swift */,
				638732102BF4B3BD0099F68A /* CreatePasswordView.swift */,
				638732122BF4B3E90099F68A /* CompleteSignUpView.swift */,
				F25861692CCB245000715D20 /* PasswordResetView.swift */,
			);
			path = View;
			sourceTree = "<group>";
		};
		638732152BF4B41B0099F68A /* ViewModel */ = {
			isa = PBXGroup;
			children = (
				638732182BF4B62B0099F68A /* LoginViewModel.swift */,
				6387321D2BF4B7F80099F68A /* RegistrationViewModel.swift */,
				F258616B2CCB260900715D20 /* PasswordResetViewModel.swift */,
			);
			path = ViewModel;
			sourceTree = "<group>";
		};
		6387321A2BF4B68F0099F68A /* Modifier */ = {
			isa = PBXGroup;
			children = (
				F27521B92CDEF36A00B00ABC /* URLFieldModifier.swift */,
				6387321B2BF4B6B50099F68A /* IGTextFieldModifier.swift */,
				63FDDFED2CFD458A00B90074 /* EdgeSwipeModifier.swift */,
			);
			path = Modifier;
			sourceTree = "<group>";
		};
		638732202BF4BC150099F68A /* View */ = {
			isa = PBXGroup;
			children = (
				63B64FD92B8C763900289469 /* ContentView.swift */,
				F21D2E712CD5F21E00BBDE37 /* LaunchScreen.swift */,
			);
			path = View;
			sourceTree = "<group>";
		};
		638732212BF4BC5D0099F68A /* ViewModel */ = {
			isa = PBXGroup;
			children = (
				638732222BF4BC770099F68A /* ContentViewModel.swift */,
			);
			path = ViewModel;
			sourceTree = "<group>";
		};
		639A0BDE2CE5C5CB00A769C6 /* CurrentUser */ = {
			isa = PBXGroup;
			children = (
				63DFF8942BF8B7F500A6DFB8 /* ViewModel */,
				639A0BE32CE5C80B00A769C6 /* View */,
			);
			path = CurrentUser;
			sourceTree = "<group>";
		};
		639A0BDF2CE5C5EC00A769C6 /* User */ = {
			isa = PBXGroup;
			children = (
				63FDDFE42CF6B41A00B90074 /* Compornents */,
				639A0BE22CE5C7E700A769C6 /* ViewModel */,
				639A0BE12CE5C7CD00A769C6 /* View */,
			);
			path = User;
			sourceTree = "<group>";
		};
		639A0BE02CE5C68E00A769C6 /* ProfileCompornents */ = {
			isa = PBXGroup;
			children = (
				63DFF8982BFC9A8300A6DFB8 /* CircleImageView.swift */,
				637BA05A2C43934600368566 /* SNSLinkButtonView.swift */,
				3292076C2CB3C3E50003EC78 /* SiteLinkButtonView.swift */,
				630B9EA32CC344E9002F06AB /* TagsView.swift */,
				63135D8D2CA90523004137AF /* BackgroundImageView.swift */,
				63FDDFDC2CF1DA5800B90074 /* TagIndexView.swift */,
				63FDDFE02CF4766A00B90074 /* InterestTagView.swift */,
			);
			path = ProfileCompornents;
			sourceTree = "<group>";
		};
		639A0BE12CE5C7CD00A769C6 /* View */ = {
			isa = PBXGroup;
			children = (
				63B650062B8DDE9300289469 /* ProfileView.swift */,
				639A0BE42CE5C93B00A769C6 /* UserFollowFollowerView.swift */,
				639A0BE62CE5CB5500A769C6 /* UserFollowView.swift */,
				639A0BE82CE5CB7F00A769C6 /* UserFollowerView.swift */,
			);
			path = View;
			sourceTree = "<group>";
		};
		639A0BE22CE5C7E700A769C6 /* ViewModel */ = {
			isa = PBXGroup;
			children = (
				637BA05E2C44ADE400368566 /* ProfileViewModel.swift */,
				63226E1D2D69BCA5006EBCCF /* SupplementButtonViewModel.swift */,
			);
			path = ViewModel;
			sourceTree = "<group>";
		};
		639A0BE32CE5C80B00A769C6 /* View */ = {
			isa = PBXGroup;
			children = (
				63DFF89A2BFC9D9F00A6DFB8 /* CurrentUserProfileView.swift */,
				63DFF8812BF6F14100A6DFB8 /* EditProfileView.swift */,
				63173DF72C37D77600F1FE82 /* EditSNSLinkView.swift */,
				630B9EA52CC345B4002F06AB /* EditLanguageTagsView.swift */,
				F20F20602CD36574007E85C2 /* EditFrameworkTagsView.swift */,
				3207D11C2CDD232F00A6E637 /* EditArticleView.swift */,
				639A0BD42CE446CC00A769C6 /* FollowFollowerView.swift */,
				639A0BD82CE4A86F00A769C6 /* FollowerView.swift */,
				63AEF0FA2C0C4C6500DE196E /* FollowView.swift */,
				63FDDFD62CECD9C400B90074 /* EditSkillTagsView.swift */,
			);
			path = View;
			sourceTree = "<group>";
		};
		63B64FCB2B8C763900289469 = {
			isa = PBXGroup;
			children = (
				63B64FD62B8C763900289469 /* NearU */,
				63B64FD52B8C763900289469 /* Products */,
			);
			sourceTree = "<group>";
		};
		63B64FD52B8C763900289469 /* Products */ = {
			isa = PBXGroup;
			children = (
				63B64FD42B8C763900289469 /* NearU.app */,
			);
			name = Products;
			sourceTree = "<group>";
		};
		63B64FD62B8C763900289469 /* NearU */ = {
			isa = PBXGroup;
			children = (
				63F84BB02D1C3B82009FE5DD /* Private.json */,
				6375622A2CCC83C900137B27 /* NearU.entitlements */,
				63B64FE72B8C7BF200289469 /* Info.plist */,
				63B64FD72B8C763900289469 /* NearUApp.swift */,
				6367B7922BE149DF0065C1BD /* Main */,
				638732092BF4B34B0099F68A /* Authentication */,
				6325D1BA2BC82F1000ED8227 /* View */,
				638732042BF4AE0C0099F68A /* Model */,
				63226E282D6DDCF3006EBCCF /* Protocols */,
				63135D8C2CA8FD67004137AF /* Service */,
				6387321A2BF4B68F0099F68A /* Modifier */,
				63E4CC862BED3037009E0C9B /* GoogleService-Info.plist */,
				63B64FDB2B8C763A00289469 /* Assets.xcassets */,
				63B64FDD2B8C763A00289469 /* Preview Content */,
			);
			path = NearU;
			sourceTree = "<group>";
		};
		63B64FDD2B8C763A00289469 /* Preview Content */ = {
			isa = PBXGroup;
			children = (
				63B64FDE2B8C763A00289469 /* Preview Assets.xcassets */,
			);
			path = "Preview Content";
			sourceTree = "<group>";
		};
		63DFF87E2BF6EFF400A6DFB8 /* MainView */ = {
			isa = PBXGroup;
			children = (
				63B650042B8DDDF700289469 /* HomeView.swift */,
			);
			path = MainView;
			sourceTree = "<group>";
		};
		63DFF88D2BF8769C00A6DFB8 /* Search */ = {
			isa = PBXGroup;
			children = (
				63DFF8912BF8B7A000A6DFB8 /* View */,
				63DFF88E2BF876B200A6DFB8 /* ViewModel */,
			);
			path = Search;
			sourceTree = "<group>";
		};
		63DFF88E2BF876B200A6DFB8 /* ViewModel */ = {
			isa = PBXGroup;
			children = (
				63DFF88F2BF876D100A6DFB8 /* BLEHistoryViewModel.swift */,
				6344BE432CDBA93D009F404E /* BLERealtimeViewModel.swift */,
			);
			path = ViewModel;
			sourceTree = "<group>";
		};
		63DFF8912BF8B7A000A6DFB8 /* View */ = {
			isa = PBXGroup;
			children = (
				63DFF88B2BF8760B00A6DFB8 /* SearchView.swift */,
				63AEF0FC2C0C507300DE196E /* BLEHistoryView.swift */,
				6344BE472CDBA9F8009F404E /* BLERealtimeView.swift */,
			);
			path = View;
			sourceTree = "<group>";
		};
		63DFF8922BF8B7E000A6DFB8 /* Profile */ = {
			isa = PBXGroup;
			children = (
				63DFF8932BF8B7EA00A6DFB8 /* View */,
			);
			path = Profile;
			sourceTree = "<group>";
		};
		63DFF8932BF8B7EA00A6DFB8 /* View */ = {
			isa = PBXGroup;
			children = (
				639A0BDF2CE5C5EC00A769C6 /* User */,
				639A0BDE2CE5C5CB00A769C6 /* CurrentUser */,
				639A0BE02CE5C68E00A769C6 /* ProfileCompornents */,
			);
			path = View;
			sourceTree = "<group>";
		};
		63DFF8942BF8B7F500A6DFB8 /* ViewModel */ = {
			isa = PBXGroup;
			children = (
				32860C692CD32B4300D9BBD7 /* ArticleLinksViewModel.swift */,
				63DFF8832BF6F1C000A6DFB8 /* CurrentUserProfileViewModel.swift */,
				637BA0582C4252D200368566 /* EditSNSLinkViewModel.swift */,
				639A0BDA2CE4B01200A769C6 /* FollowerViewModel.swift */,
				63AEF0FE2C0CC89F00DE196E /* FollowViewModel.swift */,
				63FDDFD82CEF537500B90074 /* EditSkillTagsViewModel.swift */,
			);
			path = ViewModel;
			sourceTree = "<group>";
		};
		63DFF8BD2C0403CC00A6DFB8 /* Setting */ = {
			isa = PBXGroup;
			children = (
				63DFF8BF2C0403EE00A6DFB8 /* ViewModel */,
				63DFF8BE2C0403E500A6DFB8 /* View */,
			);
			path = Setting;
			sourceTree = "<group>";
		};
		63DFF8BE2C0403E500A6DFB8 /* View */ = {
			isa = PBXGroup;
			children = (
				63B6500A2B8DDF0200289469 /* SettingView.swift */,
				63226E2B2D6E3B1E006EBCCF /* BlockListView.swift */,
				63226E312D71A2A5006EBCCF /* EditEmailView.swift */,
			);
			path = View;
			sourceTree = "<group>";
		};
		63DFF8BF2C0403EE00A6DFB8 /* ViewModel */ = {
			isa = PBXGroup;
			children = (
				63DFF8C02C04040B00A6DFB8 /* SettingViewModel.swift */,
				63226E2F2D6F645B006EBCCF /* BlockListViewModel.swift */,
			);
			path = ViewModel;
			sourceTree = "<group>";
		};
		63FDDFE42CF6B41A00B90074 /* Compornents */ = {
			isa = PBXGroup;
			children = (
				63DFF87F2BF6F02A00A6DFB8 /* ProfileHeaderView.swift */,
				63FDDFE52CF6B44D00B90074 /* SupplementButtonView.swift */,
			);
			path = Compornents;
			sourceTree = "<group>";
		};
/* End PBXGroup section */

/* Begin PBXNativeTarget section */
		63B64FD32B8C763900289469 /* NearU */ = {
			isa = PBXNativeTarget;
			buildConfigurationList = 63B64FE22B8C763A00289469 /* Build configuration list for PBXNativeTarget "NearU" */;
			buildPhases = (
				63B64FD02B8C763900289469 /* Sources */,
				63B64FD12B8C763900289469 /* Frameworks */,
				63B64FD22B8C763900289469 /* Resources */,
				637B97292CB9024400EFB09F /* Embed Frameworks */,
			);
			buildRules = (
			);
			dependencies = (
			);
			name = NearU;
			packageProductDependencies = (
				63E4CC892BED30EA009E0C9B /* FirebaseAuth */,
				63E4CC8B2BED30EA009E0C9B /* FirebaseFirestore */,
				63E4CC8D2BED30EA009E0C9B /* FirebaseFirestoreSwift */,
				63E4CC8F2BED30EA009E0C9B /* FirebaseStorage */,
				63DFF87C2BF5930300A6DFB8 /* FirebaseAnalytics */,
				63DFF8962BFC99ED00A6DFB8 /* Kingfisher */,
				63135D8A2CA6643F004137AF /* FirebaseAppCheck */,
				637B97262CB8FBC100EFB09F /* RealmSwift */,
				6375622B2CCE50B100137B27 /* FirebaseMessaging */,
				63BEA49C2CD2211A006382AF /* JWTKit */,
				F273EA042CD7D7F90072121E /* OpenGraph */,
			);
			productName = NearU;
			productReference = 63B64FD42B8C763900289469 /* NearU.app */;
			productType = "com.apple.product-type.application";
		};
/* End PBXNativeTarget section */

/* Begin PBXProject section */
		63B64FCC2B8C763900289469 /* Project object */ = {
			isa = PBXProject;
			attributes = {
				BuildIndependentTargetsInParallel = 1;
				LastSwiftUpdateCheck = 1520;
				LastUpgradeCheck = 1520;
				TargetAttributes = {
					63B64FD32B8C763900289469 = {
						CreatedOnToolsVersion = 15.2;
					};
				};
			};
			buildConfigurationList = 63B64FCF2B8C763900289469 /* Build configuration list for PBXProject "NearU" */;
			compatibilityVersion = "Xcode 14.0";
			developmentRegion = en;
			hasScannedForEncodings = 0;
			knownRegions = (
				en,
				Base,
			);
			mainGroup = 63B64FCB2B8C763900289469;
			packageReferences = (
				63E4CC882BED30EA009E0C9B /* XCRemoteSwiftPackageReference "firebase-ios-sdk" */,
				63DFF8952BFC99ED00A6DFB8 /* XCRemoteSwiftPackageReference "Kingfisher" */,
				637B97252CB8FBC100EFB09F /* XCRemoteSwiftPackageReference "realm-swift" */,
				63BEA49B2CD2211A006382AF /* XCRemoteSwiftPackageReference "jwt-kit" */,
				F273EA032CD7D7F90072121E /* XCRemoteSwiftPackageReference "OpenGraph" */,
			);
			productRefGroup = 63B64FD52B8C763900289469 /* Products */;
			projectDirPath = "";
			projectRoot = "";
			targets = (
				63B64FD32B8C763900289469 /* NearU */,
			);
		};
/* End PBXProject section */

/* Begin PBXResourcesBuildPhase section */
		63B64FD22B8C763900289469 /* Resources */ = {
			isa = PBXResourcesBuildPhase;
			buildActionMask = 2147483647;
			files = (
				63B64FDF2B8C763A00289469 /* Preview Assets.xcassets in Resources */,
				63B64FDC2B8C763A00289469 /* Assets.xcassets in Resources */,
				63E4CC872BED3037009E0C9B /* GoogleService-Info.plist in Resources */,
				63F84BB12D1C3B82009FE5DD /* Private.json in Resources */,
			);
			runOnlyForDeploymentPostprocessing = 0;
		};
/* End PBXResourcesBuildPhase section */

/* Begin PBXSourcesBuildPhase section */
		63B64FD02B8C763900289469 /* Sources */ = {
			isa = PBXSourcesBuildPhase;
			buildActionMask = 2147483647;
			files = (
				63FDDFDB2CEF7A1800B90074 /* TagsService.swift in Sources */,
				63226E222D6ABFD1006EBCCF /* BlockUserManager.swift in Sources */,
				63AEF0FB2C0C4C6500DE196E /* FollowView.swift in Sources */,
				63FDDFCF2CEB1D4500B90074 /* HistoryRowData.swift in Sources */,
				6387321C2BF4B6B50099F68A /* IGTextFieldModifier.swift in Sources */,
				3207D11D2CDD232F00A6E637 /* EditArticleView.swift in Sources */,
				63B64FDA2B8C763900289469 /* ContentView.swift in Sources */,
				63DFF8802BF6F02A00A6DFB8 /* ProfileHeaderView.swift in Sources */,
				6344BE442CDBA93D009F404E /* BLERealtimeViewModel.swift in Sources */,
				639A0BE52CE5C93B00A769C6 /* UserFollowFollowerView.swift in Sources */,
				638732232BF4BC770099F68A /* ContentViewModel.swift in Sources */,
				6344BE362CD708D5009F404E /* LoadingView.swift in Sources */,
				63135DA32CB7ABCC004137AF /* HistoryManager.swift in Sources */,
				63AEA5CD2CC66B18009A22A2 /* UserDatePair.swift in Sources */,
				63FDDFD32CECCC2900B90074 /* WordCloudView.swift in Sources */,
				63FDDFD52CECCCE800B90074 /* WordElement.swift in Sources */,
				63226E2A2D6DDD10006EBCCF /* UserIdentifiable.swift in Sources */,
				6387321E2BF4B7F80099F68A /* RegistrationViewModel.swift in Sources */,
				F20F20612CD36574007E85C2 /* EditFrameworkTagsView.swift in Sources */,
				63B650052B8DDDF700289469 /* HomeView.swift in Sources */,
				637BA0652C4970A800368566 /* MenuView.swift in Sources */,
				637BA0592C4252D200368566 /* EditSNSLinkViewModel.swift in Sources */,
				63B6500B2B8DDF0200289469 /* SettingView.swift in Sources */,
				63135D8E2CA90523004137AF /* BackgroundImageView.swift in Sources */,
				6387320B2BF4B3680099F68A /* LoginView.swift in Sources */,
				631591BA2D361E8B00E16DE3 /* KalmanFilter.swift in Sources */,
				639A0BD92CE4A86F00A769C6 /* FollowerView.swift in Sources */,
				63173DF82C37D77600F1FE82 /* EditSNSLinkView.swift in Sources */,
				63226E322D71A2A5006EBCCF /* EditEmailView.swift in Sources */,
				63FDDFE62CF6B44D00B90074 /* SupplementButtonView.swift in Sources */,
				6344BE4A2CDE065A009F404E /* OpenGraphData.swift in Sources */,
				63226E2C2D6E3B1E006EBCCF /* BlockListView.swift in Sources */,
				63226E202D69BF28006EBCCF /* UserActions.swift in Sources */,
				638732172BF4B4630099F68A /* AuthService.swift in Sources */,
				637B972C2CBA070D00EFB09F /* EncountDataStruct.swift in Sources */,
				63AEF0FD2C0C507300DE196E /* BLEHistoryView.swift in Sources */,
				6344BE3A2CD758B0009F404E /* HistoryData.swift in Sources */,
				63BEA4942CD0B46A006382AF /* NotificationManager.swift in Sources */,
				63DFF8842BF6F1C000A6DFB8 /* CurrentUserProfileViewModel.swift in Sources */,
				638732192BF4B62B0099F68A /* LoginViewModel.swift in Sources */,
				639A0BE72CE5CB5500A769C6 /* UserFollowView.swift in Sources */,
				63B650072B8DDE9300289469 /* ProfileView.swift in Sources */,
				63BEA4962CD1CE3C006382AF /* FCMMessage.swift in Sources */,
				63B64FE62B8C797400289469 /* BLECentralManager.swift in Sources */,
				630B9EA62CC345B4002F06AB /* EditLanguageTagsView.swift in Sources */,
				639A0BDB2CE4B01200A769C6 /* FollowerViewModel.swift in Sources */,
				63DFF88C2BF8760B00A6DFB8 /* SearchView.swift in Sources */,
				637BA05B2C43934600368566 /* SNSLinkButtonView.swift in Sources */,
				63AEF0F92C0C4C2A00DE196E /* TopTabView.swift in Sources */,
				63DFF8822BF6F14100A6DFB8 /* EditProfileView.swift in Sources */,
				631591CC2D44E14C00E16DE3 /* RealmService.swift in Sources */,
				63FDDFE12CF4766A00B90074 /* InterestTagView.swift in Sources */,
				630B9EA42CC344EA002F06AB /* TagsView.swift in Sources */,
				63FDDFEC2CF8378100B90074 /* FollowerUserRowData.swift in Sources */,
				63DFF89B2BFC9D9F00A6DFB8 /* CurrentUserProfileView.swift in Sources */,
				63FDDFD92CEF537500B90074 /* EditSkillTagsViewModel.swift in Sources */,
				6344BE462CDBA9A3009F404E /* UserRealtimeRecord.swift in Sources */,
				6344BE482CDBA9F8009F404E /* BLERealtimeView.swift in Sources */,
				6387320D2BF4B3930099F68A /* AddEmailView.swift in Sources */,
				63DFF8902BF876D100A6DFB8 /* BLEHistoryViewModel.swift in Sources */,
				63DFF8992BFC9A8300A6DFB8 /* CircleImageView.swift in Sources */,
				63DFF8C32C05B60300A6DFB8 /* BLEPeripheralManager.swift in Sources */,
				63FDDFE32CF4886600B90074 /* InterestTag.swift in Sources */,
				63B64FD82B8C763900289469 /* NearUApp.swift in Sources */,
				639A0BD52CE446CC00A769C6 /* FollowFollowerView.swift in Sources */,
				F258616C2CCB260900715D20 /* PasswordResetViewModel.swift in Sources */,
				6387320F2BF4B3A30099F68A /* CreateUserNameView.swift in Sources */,
				63226E302D6F645B006EBCCF /* BlockListViewModel.swift in Sources */,
				63FDDFD12CEB2B1300B90074 /* FollowUserRowData.swift in Sources */,
				F27521BA2CDEF38E00B00ABC /* URLFieldModifier.swift in Sources */,
				638732112BF4B3BD0099F68A /* CreatePasswordView.swift in Sources */,
				63DFF8882BF704E500A6DFB8 /* UserService.swift in Sources */,
				639A0BD72CE4A74300A769C6 /* CustomTabBarButtonView.swift in Sources */,
				63DFF8C12C04040B00A6DFB8 /* SettingViewModel.swift in Sources */,
				3292076D2CB3C3E60003EC78 /* SiteLinkButtonView.swift in Sources */,
				639A0BDD2CE4E1F700A769C6 /* CountView.swift in Sources */,
				638732132BF4B3E90099F68A /* CompleteSignUpView.swift in Sources */,
				63AEF0FF2C0CC89F00DE196E /* FollowViewModel.swift in Sources */,
				63FDDFEE2CFD458A00B90074 /* EdgeSwipeModifier.swift in Sources */,
				63173DF62C36BEC700F1FE82 /* UserDefaultsManager.swift in Sources */,
				6344BE322CD5F254009F404E /* ViewTransitionManager.swift in Sources */,
				639A0BEB2CE739C400A769C6 /* UserRowView.swift in Sources */,
				638732062BF4AE3F0099F68A /* User.swift in Sources */,
				6344BE3E2CD75C42009F404E /* NotificationData.swift in Sources */,
				637BA05F2C44ADE400368566 /* ProfileViewModel.swift in Sources */,
				63F84BB72D1E6D47009FE5DD /* HistoryService.swift in Sources */,
				638732082BF4B0E40099F68A /* MainTabView.swift in Sources */,
				63AEA5CB2CC4053C009A22A2 /* Tags.swift in Sources */,
				63DFF8BC2C01531000A6DFB8 /* ImageUploader.swift in Sources */,
				32860C6A2CD32B4300D9BBD7 /* ArticleLinksViewModel.swift in Sources */,
				F258616A2CCB245000715D20 /* PasswordResetView.swift in Sources */,
				6344BE422CDA81C3009F404E /* UserHistoryRecord.swift in Sources */,
				6344BE382CD71678009F404E /* LoadingViewModel.swift in Sources */,
				639A09532D22252500494DC5 /* RealtimeDataManager.swift in Sources */,
				63FDDFDD2CF1DA5800B90074 /* TagIndexView.swift in Sources */,
				639A0BE92CE5CB7F00A769C6 /* UserFollowerView.swift in Sources */,
				63226E1E2D69BCA5006EBCCF /* SupplementButtonViewModel.swift in Sources */,
				63FDDFDF2CF2F5A900B90074 /* Top3TabView.swift in Sources */,
				F21D2E722CD5F21E00BBDE37 /* LaunchScreen.swift in Sources */,
				6344BE3C2CD759CA009F404E /* HistoryDataStruct.swift in Sources */,
				63FDDFD72CECD9C400B90074 /* EditSkillTagsView.swift in Sources */,
			);
			runOnlyForDeploymentPostprocessing = 0;
		};
/* End PBXSourcesBuildPhase section */

/* Begin XCBuildConfiguration section */
		63B64FE02B8C763A00289469 /* Debug */ = {
			isa = XCBuildConfiguration;
			buildSettings = {
				ALWAYS_SEARCH_USER_PATHS = NO;
				ASSETCATALOG_COMPILER_GENERATE_SWIFT_ASSET_SYMBOL_EXTENSIONS = YES;
				CLANG_ANALYZER_NONNULL = YES;
				CLANG_ANALYZER_NUMBER_OBJECT_CONVERSION = YES_AGGRESSIVE;
				CLANG_CXX_LANGUAGE_STANDARD = "gnu++20";
				CLANG_ENABLE_MODULES = YES;
				CLANG_ENABLE_OBJC_ARC = YES;
				CLANG_ENABLE_OBJC_WEAK = YES;
				CLANG_WARN_BLOCK_CAPTURE_AUTORELEASING = YES;
				CLANG_WARN_BOOL_CONVERSION = YES;
				CLANG_WARN_COMMA = YES;
				CLANG_WARN_CONSTANT_CONVERSION = YES;
				CLANG_WARN_DEPRECATED_OBJC_IMPLEMENTATIONS = YES;
				CLANG_WARN_DIRECT_OBJC_ISA_USAGE = YES_ERROR;
				CLANG_WARN_DOCUMENTATION_COMMENTS = YES;
				CLANG_WARN_EMPTY_BODY = YES;
				CLANG_WARN_ENUM_CONVERSION = YES;
				CLANG_WARN_INFINITE_RECURSION = YES;
				CLANG_WARN_INT_CONVERSION = YES;
				CLANG_WARN_NON_LITERAL_NULL_CONVERSION = YES;
				CLANG_WARN_OBJC_IMPLICIT_RETAIN_SELF = YES;
				CLANG_WARN_OBJC_LITERAL_CONVERSION = YES;
				CLANG_WARN_OBJC_ROOT_CLASS = YES_ERROR;
				CLANG_WARN_QUOTED_INCLUDE_IN_FRAMEWORK_HEADER = YES;
				CLANG_WARN_RANGE_LOOP_ANALYSIS = YES;
				CLANG_WARN_STRICT_PROTOTYPES = YES;
				CLANG_WARN_SUSPICIOUS_MOVE = YES;
				CLANG_WARN_UNGUARDED_AVAILABILITY = YES_AGGRESSIVE;
				CLANG_WARN_UNREACHABLE_CODE = YES;
				CLANG_WARN__DUPLICATE_METHOD_MATCH = YES;
				COPY_PHASE_STRIP = NO;
				DEBUG_INFORMATION_FORMAT = dwarf;
				ENABLE_STRICT_OBJC_MSGSEND = YES;
				ENABLE_TESTABILITY = YES;
				ENABLE_USER_SCRIPT_SANDBOXING = YES;
				GCC_C_LANGUAGE_STANDARD = gnu17;
				GCC_DYNAMIC_NO_PIC = NO;
				GCC_NO_COMMON_BLOCKS = YES;
				GCC_OPTIMIZATION_LEVEL = 0;
				GCC_PREPROCESSOR_DEFINITIONS = (
					"DEBUG=1",
					"$(inherited)",
				);
				GCC_WARN_64_TO_32_BIT_CONVERSION = YES;
				GCC_WARN_ABOUT_RETURN_TYPE = YES_ERROR;
				GCC_WARN_UNDECLARED_SELECTOR = YES;
				GCC_WARN_UNINITIALIZED_AUTOS = YES_AGGRESSIVE;
				GCC_WARN_UNUSED_FUNCTION = YES;
				GCC_WARN_UNUSED_VARIABLE = YES;
				IPHONEOS_DEPLOYMENT_TARGET = 17.2;
				LOCALIZATION_PREFERS_STRING_CATALOGS = YES;
				MTL_ENABLE_DEBUG_INFO = INCLUDE_SOURCE;
				MTL_FAST_MATH = YES;
				ONLY_ACTIVE_ARCH = YES;
				SDKROOT = iphoneos;
				SWIFT_ACTIVE_COMPILATION_CONDITIONS = "DEBUG $(inherited)";
				SWIFT_OPTIMIZATION_LEVEL = "-Onone";
			};
			name = Debug;
		};
		63B64FE12B8C763A00289469 /* Release */ = {
			isa = XCBuildConfiguration;
			buildSettings = {
				ALWAYS_SEARCH_USER_PATHS = NO;
				ASSETCATALOG_COMPILER_GENERATE_SWIFT_ASSET_SYMBOL_EXTENSIONS = YES;
				CLANG_ANALYZER_NONNULL = YES;
				CLANG_ANALYZER_NUMBER_OBJECT_CONVERSION = YES_AGGRESSIVE;
				CLANG_CXX_LANGUAGE_STANDARD = "gnu++20";
				CLANG_ENABLE_MODULES = YES;
				CLANG_ENABLE_OBJC_ARC = YES;
				CLANG_ENABLE_OBJC_WEAK = YES;
				CLANG_WARN_BLOCK_CAPTURE_AUTORELEASING = YES;
				CLANG_WARN_BOOL_CONVERSION = YES;
				CLANG_WARN_COMMA = YES;
				CLANG_WARN_CONSTANT_CONVERSION = YES;
				CLANG_WARN_DEPRECATED_OBJC_IMPLEMENTATIONS = YES;
				CLANG_WARN_DIRECT_OBJC_ISA_USAGE = YES_ERROR;
				CLANG_WARN_DOCUMENTATION_COMMENTS = YES;
				CLANG_WARN_EMPTY_BODY = YES;
				CLANG_WARN_ENUM_CONVERSION = YES;
				CLANG_WARN_INFINITE_RECURSION = YES;
				CLANG_WARN_INT_CONVERSION = YES;
				CLANG_WARN_NON_LITERAL_NULL_CONVERSION = YES;
				CLANG_WARN_OBJC_IMPLICIT_RETAIN_SELF = YES;
				CLANG_WARN_OBJC_LITERAL_CONVERSION = YES;
				CLANG_WARN_OBJC_ROOT_CLASS = YES_ERROR;
				CLANG_WARN_QUOTED_INCLUDE_IN_FRAMEWORK_HEADER = YES;
				CLANG_WARN_RANGE_LOOP_ANALYSIS = YES;
				CLANG_WARN_STRICT_PROTOTYPES = YES;
				CLANG_WARN_SUSPICIOUS_MOVE = YES;
				CLANG_WARN_UNGUARDED_AVAILABILITY = YES_AGGRESSIVE;
				CLANG_WARN_UNREACHABLE_CODE = YES;
				CLANG_WARN__DUPLICATE_METHOD_MATCH = YES;
				COPY_PHASE_STRIP = NO;
				DEBUG_INFORMATION_FORMAT = "dwarf-with-dsym";
				ENABLE_NS_ASSERTIONS = NO;
				ENABLE_STRICT_OBJC_MSGSEND = YES;
				ENABLE_USER_SCRIPT_SANDBOXING = YES;
				GCC_C_LANGUAGE_STANDARD = gnu17;
				GCC_NO_COMMON_BLOCKS = YES;
				GCC_WARN_64_TO_32_BIT_CONVERSION = YES;
				GCC_WARN_ABOUT_RETURN_TYPE = YES_ERROR;
				GCC_WARN_UNDECLARED_SELECTOR = YES;
				GCC_WARN_UNINITIALIZED_AUTOS = YES_AGGRESSIVE;
				GCC_WARN_UNUSED_FUNCTION = YES;
				GCC_WARN_UNUSED_VARIABLE = YES;
				IPHONEOS_DEPLOYMENT_TARGET = 17.2;
				LOCALIZATION_PREFERS_STRING_CATALOGS = YES;
				MTL_ENABLE_DEBUG_INFO = NO;
				MTL_FAST_MATH = YES;
				SDKROOT = iphoneos;
				SWIFT_COMPILATION_MODE = wholemodule;
				VALIDATE_PRODUCT = YES;
			};
			name = Release;
		};
		63B64FE32B8C763A00289469 /* Debug */ = {
			isa = XCBuildConfiguration;
			buildSettings = {
				ASSETCATALOG_COMPILER_APPICON_NAME = AppIcon;
				ASSETCATALOG_COMPILER_GLOBAL_ACCENT_COLOR_NAME = AccentColor;
				CODE_SIGN_ENTITLEMENTS = NearU/NearU.entitlements;
				"CODE_SIGN_IDENTITY[sdk=iphoneos*]" = "iPhone Developer";
				CODE_SIGN_STYLE = Manual;
				CURRENT_PROJECT_VERSION = 1;
				DEVELOPMENT_ASSET_PATHS = "\"NearU/Preview Content\"";
				DEVELOPMENT_TEAM = "";
				"DEVELOPMENT_TEAM[sdk=iphoneos*]" = NQD3LAN9FK;
				ENABLE_PREVIEWS = YES;
				GENERATE_INFOPLIST_FILE = YES;
				INFOPLIST_FILE = NearU/Info.plist;
				INFOPLIST_KEY_CFBundleDisplayName = Chonnect;
				INFOPLIST_KEY_NSBluetoothAlwaysUsageDescription = "このアプリはBLE通信を使用します。";
				INFOPLIST_KEY_NSPhotoLibraryUsageDescription = "アイコンにフォルダ内の写真を使用します";
				INFOPLIST_KEY_UIApplicationSceneManifest_Generation = YES;
				INFOPLIST_KEY_UIApplicationSupportsIndirectInputEvents = YES;
				INFOPLIST_KEY_UILaunchScreen_Generation = YES;
				INFOPLIST_KEY_UISupportedInterfaceOrientations_iPad = "UIInterfaceOrientationPortrait UIInterfaceOrientationPortraitUpsideDown UIInterfaceOrientationLandscapeLeft UIInterfaceOrientationLandscapeRight";
				INFOPLIST_KEY_UISupportedInterfaceOrientations_iPhone = UIInterfaceOrientationPortrait;
				INFOPLIST_KEY_UIUserInterfaceStyle = Light;
				IPHONEOS_DEPLOYMENT_TARGET = 17.0;
				LD_RUNPATH_SEARCH_PATHS = (
					"$(inherited)",
					"@executable_path/Frameworks",
				);
				MARKETING_VERSION = 1.0;
				PRODUCT_BUNDLE_IDENTIFIER = com.wataru.NearU;
				PRODUCT_NAME = "$(TARGET_NAME)";
				PROVISIONING_PROFILE_SPECIFIER = "";
				"PROVISIONING_PROFILE_SPECIFIER[sdk=iphoneos*]" = Chonnect;
				SWIFT_EMIT_LOC_STRINGS = YES;
				SWIFT_VERSION = 5.0;
				TARGETED_DEVICE_FAMILY = "1,2";
			};
			name = Debug;
		};
		63B64FE42B8C763A00289469 /* Release */ = {
			isa = XCBuildConfiguration;
			buildSettings = {
				ASSETCATALOG_COMPILER_APPICON_NAME = AppIcon;
				ASSETCATALOG_COMPILER_GLOBAL_ACCENT_COLOR_NAME = AccentColor;
				CODE_SIGN_ENTITLEMENTS = NearU/NearU.entitlements;
				CODE_SIGN_IDENTITY = "Apple Development";
				"CODE_SIGN_IDENTITY[sdk=iphoneos*]" = "iPhone Developer";
				CODE_SIGN_STYLE = Manual;
				CURRENT_PROJECT_VERSION = 1;
				DEVELOPMENT_ASSET_PATHS = "\"NearU/Preview Content\"";
				DEVELOPMENT_TEAM = "";
				"DEVELOPMENT_TEAM[sdk=iphoneos*]" = NQD3LAN9FK;
				ENABLE_PREVIEWS = YES;
				GENERATE_INFOPLIST_FILE = YES;
				INFOPLIST_FILE = NearU/Info.plist;
				INFOPLIST_KEY_CFBundleDisplayName = Chonnect;
				INFOPLIST_KEY_NSBluetoothAlwaysUsageDescription = "このアプリはBLE通信を使用します。";
				INFOPLIST_KEY_NSPhotoLibraryUsageDescription = "アイコンにフォルダ内の写真を使用します";
				INFOPLIST_KEY_UIApplicationSceneManifest_Generation = YES;
				INFOPLIST_KEY_UIApplicationSupportsIndirectInputEvents = YES;
				INFOPLIST_KEY_UILaunchScreen_Generation = YES;
				INFOPLIST_KEY_UISupportedInterfaceOrientations_iPad = "UIInterfaceOrientationPortrait UIInterfaceOrientationPortraitUpsideDown UIInterfaceOrientationLandscapeLeft UIInterfaceOrientationLandscapeRight";
				INFOPLIST_KEY_UISupportedInterfaceOrientations_iPhone = UIInterfaceOrientationPortrait;
				INFOPLIST_KEY_UIUserInterfaceStyle = Light;
				IPHONEOS_DEPLOYMENT_TARGET = 17.0;
				LD_RUNPATH_SEARCH_PATHS = (
					"$(inherited)",
					"@executable_path/Frameworks",
				);
				MARKETING_VERSION = 1.0;
				PRODUCT_BUNDLE_IDENTIFIER = com.wataru.NearU;
				PRODUCT_NAME = "$(TARGET_NAME)";
				PROVISIONING_PROFILE_SPECIFIER = "";
				"PROVISIONING_PROFILE_SPECIFIER[sdk=iphoneos*]" = Chonnect;
				SWIFT_EMIT_LOC_STRINGS = YES;
				SWIFT_VERSION = 5.0;
				TARGETED_DEVICE_FAMILY = "1,2";
			};
			name = Release;
		};
/* End XCBuildConfiguration section */

/* Begin XCConfigurationList section */
		63B64FCF2B8C763900289469 /* Build configuration list for PBXProject "NearU" */ = {
			isa = XCConfigurationList;
			buildConfigurations = (
				63B64FE02B8C763A00289469 /* Debug */,
				63B64FE12B8C763A00289469 /* Release */,
			);
			defaultConfigurationIsVisible = 0;
			defaultConfigurationName = Release;
		};
		63B64FE22B8C763A00289469 /* Build configuration list for PBXNativeTarget "NearU" */ = {
			isa = XCConfigurationList;
			buildConfigurations = (
				63B64FE32B8C763A00289469 /* Debug */,
				63B64FE42B8C763A00289469 /* Release */,
			);
			defaultConfigurationIsVisible = 0;
			defaultConfigurationName = Release;
		};
/* End XCConfigurationList section */

/* Begin XCRemoteSwiftPackageReference section */
		637B97252CB8FBC100EFB09F /* XCRemoteSwiftPackageReference "realm-swift" */ = {
			isa = XCRemoteSwiftPackageReference;
			repositoryURL = "https://github.com/realm/realm-swift";
			requirement = {
				branch = master;
				kind = branch;
			};
		};
		63BEA49B2CD2211A006382AF /* XCRemoteSwiftPackageReference "jwt-kit" */ = {
			isa = XCRemoteSwiftPackageReference;
			repositoryURL = "https://github.com/vapor/jwt-kit.git";
			requirement = {
				kind = upToNextMajorVersion;
				minimumVersion = 4.0.0;
			};
		};
		63DFF8952BFC99ED00A6DFB8 /* XCRemoteSwiftPackageReference "Kingfisher" */ = {
			isa = XCRemoteSwiftPackageReference;
			repositoryURL = "https://github.com/onevcat/Kingfisher.git";
			requirement = {
				kind = upToNextMajorVersion;
				minimumVersion = 7.11.0;
			};
		};
		63E4CC882BED30EA009E0C9B /* XCRemoteSwiftPackageReference "firebase-ios-sdk" */ = {
			isa = XCRemoteSwiftPackageReference;
			repositoryURL = "https://github.com/firebase/firebase-ios-sdk";
			requirement = {
				kind = upToNextMajorVersion;
				minimumVersion = 10.25.0;
			};
		};
		F273EA032CD7D7F90072121E /* XCRemoteSwiftPackageReference "OpenGraph" */ = {
			isa = XCRemoteSwiftPackageReference;
			repositoryURL = "https://github.com/satoshi-takano/OpenGraph";
			requirement = {
				kind = upToNextMajorVersion;
				minimumVersion = 1.6.0;
			};
		};
/* End XCRemoteSwiftPackageReference section */

/* Begin XCSwiftPackageProductDependency section */
		63135D8A2CA6643F004137AF /* FirebaseAppCheck */ = {
			isa = XCSwiftPackageProductDependency;
			package = 63E4CC882BED30EA009E0C9B /* XCRemoteSwiftPackageReference "firebase-ios-sdk" */;
			productName = FirebaseAppCheck;
		};
		6375622B2CCE50B100137B27 /* FirebaseMessaging */ = {
			isa = XCSwiftPackageProductDependency;
			package = 63E4CC882BED30EA009E0C9B /* XCRemoteSwiftPackageReference "firebase-ios-sdk" */;
			productName = FirebaseMessaging;
		};
		637B97262CB8FBC100EFB09F /* RealmSwift */ = {
			isa = XCSwiftPackageProductDependency;
			package = 637B97252CB8FBC100EFB09F /* XCRemoteSwiftPackageReference "realm-swift" */;
			productName = RealmSwift;
		};
		63BEA49C2CD2211A006382AF /* JWTKit */ = {
			isa = XCSwiftPackageProductDependency;
			package = 63BEA49B2CD2211A006382AF /* XCRemoteSwiftPackageReference "jwt-kit" */;
			productName = JWTKit;
		};
		63DFF87C2BF5930300A6DFB8 /* FirebaseAnalytics */ = {
			isa = XCSwiftPackageProductDependency;
			package = 63E4CC882BED30EA009E0C9B /* XCRemoteSwiftPackageReference "firebase-ios-sdk" */;
			productName = FirebaseAnalytics;
		};
		63DFF8962BFC99ED00A6DFB8 /* Kingfisher */ = {
			isa = XCSwiftPackageProductDependency;
			package = 63DFF8952BFC99ED00A6DFB8 /* XCRemoteSwiftPackageReference "Kingfisher" */;
			productName = Kingfisher;
		};
		63E4CC892BED30EA009E0C9B /* FirebaseAuth */ = {
			isa = XCSwiftPackageProductDependency;
			package = 63E4CC882BED30EA009E0C9B /* XCRemoteSwiftPackageReference "firebase-ios-sdk" */;
			productName = FirebaseAuth;
		};
		63E4CC8B2BED30EA009E0C9B /* FirebaseFirestore */ = {
			isa = XCSwiftPackageProductDependency;
			package = 63E4CC882BED30EA009E0C9B /* XCRemoteSwiftPackageReference "firebase-ios-sdk" */;
			productName = FirebaseFirestore;
		};
		63E4CC8D2BED30EA009E0C9B /* FirebaseFirestoreSwift */ = {
			isa = XCSwiftPackageProductDependency;
			package = 63E4CC882BED30EA009E0C9B /* XCRemoteSwiftPackageReference "firebase-ios-sdk" */;
			productName = FirebaseFirestoreSwift;
		};
		63E4CC8F2BED30EA009E0C9B /* FirebaseStorage */ = {
			isa = XCSwiftPackageProductDependency;
			package = 63E4CC882BED30EA009E0C9B /* XCRemoteSwiftPackageReference "firebase-ios-sdk" */;
			productName = FirebaseStorage;
		};
		F273EA042CD7D7F90072121E /* OpenGraph */ = {
			isa = XCSwiftPackageProductDependency;
			package = F273EA032CD7D7F90072121E /* XCRemoteSwiftPackageReference "OpenGraph" */;
			productName = OpenGraph;
		};
/* End XCSwiftPackageProductDependency section */
	};
	rootObject = 63B64FCC2B8C763900289469 /* Project object */;
}
